// !$*UTF8*$!
{
	archiveVersion = 1;
	classes = {
	};
	objectVersion = 54;
	objects = {

/* Begin PBXBuildFile section */
		422B448824B337AC009225CC /* URLConstants.swift in Sources */ = {isa = PBXBuildFile; fileRef = 422B448724B337AC009225CC /* URLConstants.swift */; };
		4247D14A24B6FCBB002D6009 /* slide_2@2x.jpg in Resources */ = {isa = PBXBuildFile; fileRef = 4247D14724B6FCBB002D6009 /* slide_2@2x.jpg */; };
		4247D14B24B6FCBB002D6009 /* slide_3@2x.jpg in Resources */ = {isa = PBXBuildFile; fileRef = 4247D14824B6FCBB002D6009 /* slide_3@2x.jpg */; };
		4247D14C24B6FCBB002D6009 /* slide_1@2x.jpg in Resources */ = {isa = PBXBuildFile; fileRef = 4247D14924B6FCBB002D6009 /* slide_1@2x.jpg */; };
		42566A4E247E709B008FC057 /* ConfigurationManager.swift in Sources */ = {isa = PBXBuildFile; fileRef = 42566A4D247E709B008FC057 /* ConfigurationManager.swift */; };
		42665BE12498A43A00586C9A /* AuthorViewController.swift in Sources */ = {isa = PBXBuildFile; fileRef = 42665BE02498A43A00586C9A /* AuthorViewController.swift */; };
		42665BE32498A45900586C9A /* AuthorViewModel.swift in Sources */ = {isa = PBXBuildFile; fileRef = 42665BE22498A45900586C9A /* AuthorViewModel.swift */; };
		42A6C78D24BDB615006CF92C /* WriteReviewViewController.swift in Sources */ = {isa = PBXBuildFile; fileRef = 42A6C78C24BDB615006CF92C /* WriteReviewViewController.swift */; };
		42A6C78F24BDB6BA006CF92C /* WriteReviewViewModel.swift in Sources */ = {isa = PBXBuildFile; fileRef = 42A6C78E24BDB6BA006CF92C /* WriteReviewViewModel.swift */; };
		42A6C79224C052FF006CF92C /* SweetAlert.swift in Sources */ = {isa = PBXBuildFile; fileRef = 42A6C79124C052FF006CF92C /* SweetAlert.swift */; };
		42B93A20248942CB003B5D6C /* ProductCollectionViewCell.swift in Sources */ = {isa = PBXBuildFile; fileRef = 42B93A1F248942CB003B5D6C /* ProductCollectionViewCell.swift */; };
		42BC267624C9612E000CA351 /* BVSwiftDemoActionController.swift in Sources */ = {isa = PBXBuildFile; fileRef = 42BC267524C9612D000CA351 /* BVSwiftDemoActionController.swift */; };
		42BC267824C9653B000CA351 /* BVSwiftDemoActionCell.xib in Resources */ = {isa = PBXBuildFile; fileRef = 42BC267724C9653B000CA351 /* BVSwiftDemoActionCell.xib */; };
		42BC40E32473BB4E00008434 /* AppDelegate.swift in Sources */ = {isa = PBXBuildFile; fileRef = 42BC40E22473BB4E00008434 /* AppDelegate.swift */; };
		42BC40E72473BB4E00008434 /* HomeViewController.swift in Sources */ = {isa = PBXBuildFile; fileRef = 42BC40E62473BB4E00008434 /* HomeViewController.swift */; };
		42BC40EA2473BB4E00008434 /* Main.storyboard in Resources */ = {isa = PBXBuildFile; fileRef = 42BC40E82473BB4E00008434 /* Main.storyboard */; };
		42BC40EC2473BB5100008434 /* Assets.xcassets in Resources */ = {isa = PBXBuildFile; fileRef = 42BC40EB2473BB5100008434 /* Assets.xcassets */; };
		42BC40EF2473BB5100008434 /* LaunchScreen.storyboard in Resources */ = {isa = PBXBuildFile; fileRef = 42BC40ED2473BB5100008434 /* LaunchScreen.storyboard */; };
		42C84FF624B71EA5000CA49F /* HomeAdvertisementCollectionViewCell.swift in Sources */ = {isa = PBXBuildFile; fileRef = 42C84FF524B71EA5000CA49F /* HomeAdvertisementCollectionViewCell.swift */; };
		42C84FF924B7212F000CA49F /* revolution_cycles.png in Resources */ = {isa = PBXBuildFile; fileRef = 42C84FF824B7212F000CA49F /* revolution_cycles.png */; };
		42CE5F9B24ADDE8B009D050B /* MockDataManager.swift in Sources */ = {isa = PBXBuildFile; fileRef = 42CE5F9A24ADDE8B009D050B /* MockDataManager.swift */; };
		42CE5FA224ADE297009D050B /* conversationsReviewsEnduranceCycles_SortHighestRated.json in Resources */ = {isa = PBXBuildFile; fileRef = 42CE5F9E24ADE297009D050B /* conversationsReviewsEnduranceCycles_SortHighestRated.json */; };
		42CE5FA324ADE297009D050B /* conversationsReviewsEnduranceCycles_SortMostHelpful.json in Resources */ = {isa = PBXBuildFile; fileRef = 42CE5F9F24ADE297009D050B /* conversationsReviewsEnduranceCycles_SortMostHelpful.json */; };
		42CE5FA424ADE297009D050B /* conversationsReviewsEnduranceCycles_SortLowestRated.json in Resources */ = {isa = PBXBuildFile; fileRef = 42CE5FA024ADE297009D050B /* conversationsReviewsEnduranceCycles_SortLowestRated.json */; };
		42CE5FA524ADE297009D050B /* conversationsReviewsEnduranceCycles_FilterLocation.json in Resources */ = {isa = PBXBuildFile; fileRef = 42CE5FA124ADE297009D050B /* conversationsReviewsEnduranceCycles_FilterLocation.json */; };
		42CE5FB524ADE2B4009D050B /* conversationsProductsIncludeStats.json in Resources */ = {isa = PBXBuildFile; fileRef = 42CE5FA624ADE2B3009D050B /* conversationsProductsIncludeStats.json */; };
		42CE5FB624ADE2B4009D050B /* conversationsAuthorWithIncludes.json in Resources */ = {isa = PBXBuildFile; fileRef = 42CE5FA724ADE2B3009D050B /* conversationsAuthorWithIncludes.json */; };
		42CE5FB724ADE2B4009D050B /* submitReview.json in Resources */ = {isa = PBXBuildFile; fileRef = 42CE5FA824ADE2B3009D050B /* submitReview.json */; };
		42CE5FB824ADE2B4009D050B /* testNotificationConfig.json in Resources */ = {isa = PBXBuildFile; fileRef = 42CE5FA924ADE2B3009D050B /* testNotificationConfig.json */; };
		42CE5FB924ADE2B4009D050B /* storeBulkFeedWithStatistics.json in Resources */ = {isa = PBXBuildFile; fileRef = 42CE5FAA24ADE2B3009D050B /* storeBulkFeedWithStatistics.json */; };
		42CE5FBA24ADE2B4009D050B /* conversationsReviewsEnduranceCycles.json in Resources */ = {isa = PBXBuildFile; fileRef = 42CE5FAB24ADE2B3009D050B /* conversationsReviewsEnduranceCycles.json */; };
		42CE5FBB24ADE2B4009D050B /* conversationsQuestionsIncludeAnswers.json in Resources */ = {isa = PBXBuildFile; fileRef = 42CE5FAC24ADE2B3009D050B /* conversationsQuestionsIncludeAnswers.json */; };
		42CE5FBC24ADE2B4009D050B /* testNotificationProductConfig.json in Resources */ = {isa = PBXBuildFile; fileRef = 42CE5FAD24ADE2B3009D050B /* testNotificationProductConfig.json */; };
		42CE5FBD24ADE2B4009D050B /* userProfile1.json in Resources */ = {isa = PBXBuildFile; fileRef = 42CE5FAE24ADE2B3009D050B /* userProfile1.json */; };
		42CE5FBE24ADE2B4009D050B /* submitAnswer.json in Resources */ = {isa = PBXBuildFile; fileRef = 42CE5FAF24ADE2B3009D050B /* submitAnswer.json */; };
		42CE5FBF24ADE2B4009D050B /* curationsEnduranceCycles.json in Resources */ = {isa = PBXBuildFile; fileRef = 42CE5FB024ADE2B4009D050B /* curationsEnduranceCycles.json */; };
		42CE5FC024ADE2B4009D050B /* recommendationsResult.json in Resources */ = {isa = PBXBuildFile; fileRef = 42CE5FB124ADE2B4009D050B /* recommendationsResult.json */; };
		42CE5FC124ADE2B4009D050B /* post_successfulCreation.json in Resources */ = {isa = PBXBuildFile; fileRef = 42CE5FB224ADE2B4009D050B /* post_successfulCreation.json */; };
		42CE5FC224ADE2B4009D050B /* submitPhotoWithReview.json in Resources */ = {isa = PBXBuildFile; fileRef = 42CE5FB324ADE2B4009D050B /* submitPhotoWithReview.json */; };
		42CE5FC324ADE2B4009D050B /* submitQuestion.json in Resources */ = {isa = PBXBuildFile; fileRef = 42CE5FB424ADE2B4009D050B /* submitQuestion.json */; };
		42CE5FC524AE19F1009D050B /* reviewHighlights.json in Resources */ = {isa = PBXBuildFile; fileRef = 42CE5FC424AE19F1009D050B /* reviewHighlights.json */; };
		42FC2DEA248F9D3600947F4A /* ReviewsViewController.swift in Sources */ = {isa = PBXBuildFile; fileRef = 42FC2DE9248F9D3600947F4A /* ReviewsViewController.swift */; };
		42FC2DEC248F9D5400947F4A /* ReviewsViewModel.swift in Sources */ = {isa = PBXBuildFile; fileRef = 42FC2DEB248F9D5400947F4A /* ReviewsViewModel.swift */; };
		42FC2DEE248F9D8300947F4A /* ReviewTableViewCell.swift in Sources */ = {isa = PBXBuildFile; fileRef = 42FC2DED248F9D8300947F4A /* ReviewTableViewCell.swift */; };
		42FC2DF0248F9DAD00947F4A /* ReviewHighLightsTableViewCell.swift in Sources */ = {isa = PBXBuildFile; fileRef = 42FC2DEF248F9DAD00947F4A /* ReviewHighLightsTableViewCell.swift */; };
		42FC2DF2248FAB8800947F4A /* ReviewHighlightsHeaderTableViewCell.swift in Sources */ = {isa = PBXBuildFile; fileRef = 42FC2DF1248FAB8800947F4A /* ReviewHighlightsHeaderTableViewCell.swift */; };
		74408BAB723D0BE446FEC273 /* Pods_BVSwiftDemo.framework in Frameworks */ = {isa = PBXBuildFile; fileRef = A417D650407251B9FF79AE8A /* Pods_BVSwiftDemo.framework */; };
		9F1628862473F54600959C78 /* HomeViewModel.swift in Sources */ = {isa = PBXBuildFile; fileRef = 9F1628852473F54600959C78 /* HomeViewModel.swift */; };
		9F32E66F247F964300CA2633 /* QuestionAnswerTableViewCell.swift in Sources */ = {isa = PBXBuildFile; fileRef = 9F32E66E247F964300CA2633 /* QuestionAnswerTableViewCell.swift */; };
		9F32E671247FA34300CA2633 /* CardView.swift in Sources */ = {isa = PBXBuildFile; fileRef = 9F32E670247FA34300CA2633 /* CardView.swift */; };
		9F37A8DB24BD8FC700B23DDB /* AskAQuestionViewController.swift in Sources */ = {isa = PBXBuildFile; fileRef = 9F37A8DA24BD8FC700B23DDB /* AskAQuestionViewController.swift */; };
		9F37A8DD24BD8FDE00B23DDB /* AskAQuestionViewModel.swift in Sources */ = {isa = PBXBuildFile; fileRef = 9F37A8DC24BD8FDE00B23DDB /* AskAQuestionViewModel.swift */; };
		9F8A7C6B248938B100FA221C /* ProductDetailCurationsTableViewCell.swift in Sources */ = {isa = PBXBuildFile; fileRef = 9F8A7C6A248938B100FA221C /* ProductDetailCurationsTableViewCell.swift */; };
		9F8A7C6D24893F1300FA221C /* CurationsCollectionViewCell.swift in Sources */ = {isa = PBXBuildFile; fileRef = 9F8A7C6C24893F1300FA221C /* CurationsCollectionViewCell.swift */; };
		9FA2C5262486328A00C0DD6C /* ProductDisplayPageViewController.swift in Sources */ = {isa = PBXBuildFile; fileRef = 9FA2C5252486328A00C0DD6C /* ProductDisplayPageViewController.swift */; };
		9FA2C528248632B300C0DD6C /* ProductDisplayPageViewModel.swift in Sources */ = {isa = PBXBuildFile; fileRef = 9FA2C527248632B300C0DD6C /* ProductDisplayPageViewModel.swift */; };
		9FA622A0247E76CB0036177F /* QuestionsTableViewController.swift in Sources */ = {isa = PBXBuildFile; fileRef = 9FA6229F247E76CB0036177F /* QuestionsTableViewController.swift */; };
		9FA622A2247E77170036177F /* QuestionsViewModel.swift in Sources */ = {isa = PBXBuildFile; fileRef = 9FA622A1247E77170036177F /* QuestionsViewModel.swift */; };
		9FA659832474F37D00D9498F /* BVSwiftDemoNavigationController.swift in Sources */ = {isa = PBXBuildFile; fileRef = 9FA659822474F37D00D9498F /* BVSwiftDemoNavigationController.swift */; };
		9FA659852474F48600D9498F /* UIKit+Extensions.swift in Sources */ = {isa = PBXBuildFile; fileRef = 9FA659842474F48600D9498F /* UIKit+Extensions.swift */; };
		9FA6598724750ED800D9498F /* ViewControllerType.swift in Sources */ = {isa = PBXBuildFile; fileRef = 9FA6598624750ED800D9498F /* ViewControllerType.swift */; };
		9FA6598C247513C900D9498F /* ViewModelType.swift in Sources */ = {isa = PBXBuildFile; fileRef = 9FA6598B247513C900D9498F /* ViewModelType.swift */; };
		9FA73AFD248F885C00746ACA /* AnswersTableViewController.swift in Sources */ = {isa = PBXBuildFile; fileRef = 9FA73AFC248F885C00746ACA /* AnswersTableViewController.swift */; };
		9FA73AFF248F898A00746ACA /* AnswersViewModel.swift in Sources */ = {isa = PBXBuildFile; fileRef = 9FA73AFE248F898A00746ACA /* AnswersViewModel.swift */; };
		9FA73B01248F9D4E00746ACA /* DateTimeAgo.swift in Sources */ = {isa = PBXBuildFile; fileRef = 9FA73B00248F9D4E00746ACA /* DateTimeAgo.swift */; };
		9FA73B03248FB2BA00746ACA /* AnswerTableViewCell.swift in Sources */ = {isa = PBXBuildFile; fileRef = 9FA73B02248FB2BA00746ACA /* AnswerTableViewCell.swift */; };
		9FA7497E248A19E900BAA52E /* ProductDetailRecommendationsTableViewCell.swift in Sources */ = {isa = PBXBuildFile; fileRef = 9FA7497D248A19E900BAA52E /* ProductDetailRecommendationsTableViewCell.swift */; };
		9FACA28624877D1200D87F11 /* ProductDetailTableViewCell.swift in Sources */ = {isa = PBXBuildFile; fileRef = 9FACA28524877D1200D87F11 /* ProductDetailTableViewCell.swift */; };
		9FC63B1B24C0926C0045013E /* Utils.swift in Sources */ = {isa = PBXBuildFile; fileRef = 9FC63B1A24C0926C0045013E /* Utils.swift */; };
		9FF7EB972473C2B0007FD337 /* Coordinator.swift in Sources */ = {isa = PBXBuildFile; fileRef = 9FF7EB962473C2B0007FD337 /* Coordinator.swift */; };
		9FF7EB992473C346007FD337 /* AppCoordinator.swift in Sources */ = {isa = PBXBuildFile; fileRef = 9FF7EB982473C346007FD337 /* AppCoordinator.swift */; };
		9FF7EB9D2473DA11007FD337 /* Storyboarded.swift in Sources */ = {isa = PBXBuildFile; fileRef = 9FF7EB9C2473DA11007FD337 /* Storyboarded.swift */; };
		B704A68D2E3A0FC40009C623 /* summarisedFeatures.json in Resources */ = {isa = PBXBuildFile; fileRef = B704A68C2E3A0FC40009C623 /* summarisedFeatures.json */; };
		B704A68F2E3A16690009C623 /* productFeatures.json in Resources */ = {isa = PBXBuildFile; fileRef = B704A68E2E3A16690009C623 /* productFeatures.json */; };
		B704A6912E3A16810009C623 /* productQuotes.json in Resources */ = {isa = PBXBuildFile; fileRef = B704A6902E3A16810009C623 /* productQuotes.json */; };
		B729D3382E30BF7F0053B53C /* ReviewsSectionsToogleTableViewCell.swift in Sources */ = {isa = PBXBuildFile; fileRef = B729D3372E30BF7F0053B53C /* ReviewsSectionsToogleTableViewCell.swift */; };
		B7794A322DC0A986009B6D4E /* conversationsReviewSummary.json in Resources */ = {isa = PBXBuildFile; fileRef = B7794A312DC0A986009B6D4E /* conversationsReviewSummary.json */; };
		B79241F52E0BE73E00DF92A2 /* ProductSentimentsViewModel.swift in Sources */ = {isa = PBXBuildFile; fileRef = B79241F42E0BE73E00DF92A2 /* ProductSentimentsViewModel.swift */; };
/* End PBXBuildFile section */

/* Begin PBXFileReference section */
		1A05BDCF7D654BF89CC5FC00 /* Pods-BVSwiftDemo.release.xcconfig */ = {isa = PBXFileReference; includeInIndex = 1; lastKnownFileType = text.xcconfig; name = "Pods-BVSwiftDemo.release.xcconfig"; path = "Target Support Files/Pods-BVSwiftDemo/Pods-BVSwiftDemo.release.xcconfig"; sourceTree = "<group>"; };
		422B448724B337AC009225CC /* URLConstants.swift */ = {isa = PBXFileReference; lastKnownFileType = sourcecode.swift; path = URLConstants.swift; sourceTree = "<group>"; };
		4247D14724B6FCBB002D6009 /* slide_2@2x.jpg */ = {isa = PBXFileReference; lastKnownFileType = image.jpeg; path = "slide_2@2x.jpg"; sourceTree = "<group>"; };
		4247D14824B6FCBB002D6009 /* slide_3@2x.jpg */ = {isa = PBXFileReference; lastKnownFileType = image.jpeg; path = "slide_3@2x.jpg"; sourceTree = "<group>"; };
		4247D14924B6FCBB002D6009 /* slide_1@2x.jpg */ = {isa = PBXFileReference; lastKnownFileType = image.jpeg; path = "slide_1@2x.jpg"; sourceTree = "<group>"; };
		42566A4D247E709B008FC057 /* ConfigurationManager.swift */ = {isa = PBXFileReference; lastKnownFileType = sourcecode.swift; path = ConfigurationManager.swift; sourceTree = "<group>"; };
		42665BE02498A43A00586C9A /* AuthorViewController.swift */ = {isa = PBXFileReference; lastKnownFileType = sourcecode.swift; path = AuthorViewController.swift; sourceTree = "<group>"; };
		42665BE22498A45900586C9A /* AuthorViewModel.swift */ = {isa = PBXFileReference; lastKnownFileType = sourcecode.swift; path = AuthorViewModel.swift; sourceTree = "<group>"; };
		42A6C78C24BDB615006CF92C /* WriteReviewViewController.swift */ = {isa = PBXFileReference; lastKnownFileType = sourcecode.swift; path = WriteReviewViewController.swift; sourceTree = "<group>"; };
		42A6C78E24BDB6BA006CF92C /* WriteReviewViewModel.swift */ = {isa = PBXFileReference; lastKnownFileType = sourcecode.swift; path = WriteReviewViewModel.swift; sourceTree = "<group>"; };
		42A6C79124C052FF006CF92C /* SweetAlert.swift */ = {isa = PBXFileReference; fileEncoding = 4; lastKnownFileType = sourcecode.swift; path = SweetAlert.swift; sourceTree = "<group>"; };
		42B93A1F248942CB003B5D6C /* ProductCollectionViewCell.swift */ = {isa = PBXFileReference; lastKnownFileType = sourcecode.swift; path = ProductCollectionViewCell.swift; sourceTree = "<group>"; };
		42BC267524C9612D000CA351 /* BVSwiftDemoActionController.swift */ = {isa = PBXFileReference; lastKnownFileType = sourcecode.swift; path = BVSwiftDemoActionController.swift; sourceTree = "<group>"; };
		42BC267724C9653B000CA351 /* BVSwiftDemoActionCell.xib */ = {isa = PBXFileReference; lastKnownFileType = file.xib; path = BVSwiftDemoActionCell.xib; sourceTree = "<group>"; };
		42BC40DF2473BB4E00008434 /* BVSwiftDemo.app */ = {isa = PBXFileReference; explicitFileType = wrapper.application; includeInIndex = 0; path = BVSwiftDemo.app; sourceTree = BUILT_PRODUCTS_DIR; };
		42BC40E22473BB4E00008434 /* AppDelegate.swift */ = {isa = PBXFileReference; lastKnownFileType = sourcecode.swift; path = AppDelegate.swift; sourceTree = "<group>"; };
		42BC40E62473BB4E00008434 /* HomeViewController.swift */ = {isa = PBXFileReference; lastKnownFileType = sourcecode.swift; path = HomeViewController.swift; sourceTree = "<group>"; };
		42BC40E92473BB4E00008434 /* Base */ = {isa = PBXFileReference; lastKnownFileType = file.storyboard; name = Base; path = Base.lproj/Main.storyboard; sourceTree = "<group>"; };
		42BC40EB2473BB5100008434 /* Assets.xcassets */ = {isa = PBXFileReference; lastKnownFileType = folder.assetcatalog; path = Assets.xcassets; sourceTree = "<group>"; };
		42BC40EE2473BB5100008434 /* Base */ = {isa = PBXFileReference; lastKnownFileType = file.storyboard; name = Base; path = Base.lproj/LaunchScreen.storyboard; sourceTree = "<group>"; };
		42BC40F02473BB5100008434 /* Info.plist */ = {isa = PBXFileReference; lastKnownFileType = text.plist.xml; path = Info.plist; sourceTree = "<group>"; };
		42C84FF524B71EA5000CA49F /* HomeAdvertisementCollectionViewCell.swift */ = {isa = PBXFileReference; lastKnownFileType = sourcecode.swift; path = HomeAdvertisementCollectionViewCell.swift; sourceTree = "<group>"; };
		42C84FF824B7212F000CA49F /* revolution_cycles.png */ = {isa = PBXFileReference; lastKnownFileType = image.png; path = revolution_cycles.png; sourceTree = "<group>"; };
		42CE5F9A24ADDE8B009D050B /* MockDataManager.swift */ = {isa = PBXFileReference; lastKnownFileType = sourcecode.swift; path = MockDataManager.swift; sourceTree = "<group>"; };
		42CE5F9E24ADE297009D050B /* conversationsReviewsEnduranceCycles_SortHighestRated.json */ = {isa = PBXFileReference; fileEncoding = 4; lastKnownFileType = text.json; path = conversationsReviewsEnduranceCycles_SortHighestRated.json; sourceTree = "<group>"; };
		42CE5F9F24ADE297009D050B /* conversationsReviewsEnduranceCycles_SortMostHelpful.json */ = {isa = PBXFileReference; fileEncoding = 4; lastKnownFileType = text.json; path = conversationsReviewsEnduranceCycles_SortMostHelpful.json; sourceTree = "<group>"; };
		42CE5FA024ADE297009D050B /* conversationsReviewsEnduranceCycles_SortLowestRated.json */ = {isa = PBXFileReference; fileEncoding = 4; lastKnownFileType = text.json; path = conversationsReviewsEnduranceCycles_SortLowestRated.json; sourceTree = "<group>"; };
		42CE5FA124ADE297009D050B /* conversationsReviewsEnduranceCycles_FilterLocation.json */ = {isa = PBXFileReference; fileEncoding = 4; lastKnownFileType = text.json; path = conversationsReviewsEnduranceCycles_FilterLocation.json; sourceTree = "<group>"; };
		42CE5FA624ADE2B3009D050B /* conversationsProductsIncludeStats.json */ = {isa = PBXFileReference; fileEncoding = 4; lastKnownFileType = text.json; path = conversationsProductsIncludeStats.json; sourceTree = "<group>"; };
		42CE5FA724ADE2B3009D050B /* conversationsAuthorWithIncludes.json */ = {isa = PBXFileReference; fileEncoding = 4; lastKnownFileType = text.json; path = conversationsAuthorWithIncludes.json; sourceTree = "<group>"; };
		42CE5FA824ADE2B3009D050B /* submitReview.json */ = {isa = PBXFileReference; fileEncoding = 4; lastKnownFileType = text.json; path = submitReview.json; sourceTree = "<group>"; };
		42CE5FA924ADE2B3009D050B /* testNotificationConfig.json */ = {isa = PBXFileReference; fileEncoding = 4; lastKnownFileType = text.json; path = testNotificationConfig.json; sourceTree = "<group>"; };
		42CE5FAA24ADE2B3009D050B /* storeBulkFeedWithStatistics.json */ = {isa = PBXFileReference; fileEncoding = 4; lastKnownFileType = text.json; path = storeBulkFeedWithStatistics.json; sourceTree = "<group>"; };
		42CE5FAB24ADE2B3009D050B /* conversationsReviewsEnduranceCycles.json */ = {isa = PBXFileReference; fileEncoding = 4; lastKnownFileType = text.json; path = conversationsReviewsEnduranceCycles.json; sourceTree = "<group>"; };
		42CE5FAC24ADE2B3009D050B /* conversationsQuestionsIncludeAnswers.json */ = {isa = PBXFileReference; fileEncoding = 4; lastKnownFileType = text.json; path = conversationsQuestionsIncludeAnswers.json; sourceTree = "<group>"; };
		42CE5FAD24ADE2B3009D050B /* testNotificationProductConfig.json */ = {isa = PBXFileReference; fileEncoding = 4; lastKnownFileType = text.json; path = testNotificationProductConfig.json; sourceTree = "<group>"; };
		42CE5FAE24ADE2B3009D050B /* userProfile1.json */ = {isa = PBXFileReference; fileEncoding = 4; lastKnownFileType = text.json; path = userProfile1.json; sourceTree = "<group>"; };
		42CE5FAF24ADE2B3009D050B /* submitAnswer.json */ = {isa = PBXFileReference; fileEncoding = 4; lastKnownFileType = text.json; path = submitAnswer.json; sourceTree = "<group>"; };
		42CE5FB024ADE2B4009D050B /* curationsEnduranceCycles.json */ = {isa = PBXFileReference; fileEncoding = 4; lastKnownFileType = text.json; path = curationsEnduranceCycles.json; sourceTree = "<group>"; };
		42CE5FB124ADE2B4009D050B /* recommendationsResult.json */ = {isa = PBXFileReference; fileEncoding = 4; lastKnownFileType = text.json; path = recommendationsResult.json; sourceTree = "<group>"; };
		42CE5FB224ADE2B4009D050B /* post_successfulCreation.json */ = {isa = PBXFileReference; fileEncoding = 4; lastKnownFileType = text.json; path = post_successfulCreation.json; sourceTree = "<group>"; };
		42CE5FB324ADE2B4009D050B /* submitPhotoWithReview.json */ = {isa = PBXFileReference; fileEncoding = 4; lastKnownFileType = text.json; path = submitPhotoWithReview.json; sourceTree = "<group>"; };
		42CE5FB424ADE2B4009D050B /* submitQuestion.json */ = {isa = PBXFileReference; fileEncoding = 4; lastKnownFileType = text.json; path = submitQuestion.json; sourceTree = "<group>"; };
		42CE5FC424AE19F1009D050B /* reviewHighlights.json */ = {isa = PBXFileReference; lastKnownFileType = text.json; path = reviewHighlights.json; sourceTree = "<group>"; };
		42FC2DE9248F9D3600947F4A /* ReviewsViewController.swift */ = {isa = PBXFileReference; lastKnownFileType = sourcecode.swift; path = ReviewsViewController.swift; sourceTree = "<group>"; };
		42FC2DEB248F9D5400947F4A /* ReviewsViewModel.swift */ = {isa = PBXFileReference; lastKnownFileType = sourcecode.swift; path = ReviewsViewModel.swift; sourceTree = "<group>"; };
		42FC2DED248F9D8300947F4A /* ReviewTableViewCell.swift */ = {isa = PBXFileReference; lastKnownFileType = sourcecode.swift; path = ReviewTableViewCell.swift; sourceTree = "<group>"; };
		42FC2DEF248F9DAD00947F4A /* ReviewHighLightsTableViewCell.swift */ = {isa = PBXFileReference; lastKnownFileType = sourcecode.swift; path = ReviewHighLightsTableViewCell.swift; sourceTree = "<group>"; };
		42FC2DF1248FAB8800947F4A /* ReviewHighlightsHeaderTableViewCell.swift */ = {isa = PBXFileReference; lastKnownFileType = sourcecode.swift; path = ReviewHighlightsHeaderTableViewCell.swift; sourceTree = "<group>"; };
		699334E2CF660A41F330A31F /* Pods-BVSwiftDemo.debug.xcconfig */ = {isa = PBXFileReference; includeInIndex = 1; lastKnownFileType = text.xcconfig; name = "Pods-BVSwiftDemo.debug.xcconfig"; path = "Target Support Files/Pods-BVSwiftDemo/Pods-BVSwiftDemo.debug.xcconfig"; sourceTree = "<group>"; };
		6C790F49E86194E3D6655CCB /* Pods-BVSwiftDemo.staging.xcconfig */ = {isa = PBXFileReference; includeInIndex = 1; lastKnownFileType = text.xcconfig; name = "Pods-BVSwiftDemo.staging.xcconfig"; path = "Target Support Files/Pods-BVSwiftDemo/Pods-BVSwiftDemo.staging.xcconfig"; sourceTree = "<group>"; };
		7CF57EA0AF23C1E4FD372551 /* Pods-BVSwiftDemo.mock.xcconfig */ = {isa = PBXFileReference; includeInIndex = 1; lastKnownFileType = text.xcconfig; name = "Pods-BVSwiftDemo.mock.xcconfig"; path = "Target Support Files/Pods-BVSwiftDemo/Pods-BVSwiftDemo.mock.xcconfig"; sourceTree = "<group>"; };
		9F1628852473F54600959C78 /* HomeViewModel.swift */ = {isa = PBXFileReference; lastKnownFileType = sourcecode.swift; path = HomeViewModel.swift; sourceTree = "<group>"; };
		9F32E66E247F964300CA2633 /* QuestionAnswerTableViewCell.swift */ = {isa = PBXFileReference; lastKnownFileType = sourcecode.swift; path = QuestionAnswerTableViewCell.swift; sourceTree = "<group>"; };
		9F32E670247FA34300CA2633 /* CardView.swift */ = {isa = PBXFileReference; lastKnownFileType = sourcecode.swift; path = CardView.swift; sourceTree = "<group>"; };
		9F37A8DA24BD8FC700B23DDB /* AskAQuestionViewController.swift */ = {isa = PBXFileReference; lastKnownFileType = sourcecode.swift; path = AskAQuestionViewController.swift; sourceTree = "<group>"; };
		9F37A8DC24BD8FDE00B23DDB /* AskAQuestionViewModel.swift */ = {isa = PBXFileReference; lastKnownFileType = sourcecode.swift; path = AskAQuestionViewModel.swift; sourceTree = "<group>"; };
		9F8A7C6A248938B100FA221C /* ProductDetailCurationsTableViewCell.swift */ = {isa = PBXFileReference; lastKnownFileType = sourcecode.swift; path = ProductDetailCurationsTableViewCell.swift; sourceTree = "<group>"; };
		9F8A7C6C24893F1300FA221C /* CurationsCollectionViewCell.swift */ = {isa = PBXFileReference; lastKnownFileType = sourcecode.swift; path = CurationsCollectionViewCell.swift; sourceTree = "<group>"; };
		9FA2C5252486328A00C0DD6C /* ProductDisplayPageViewController.swift */ = {isa = PBXFileReference; lastKnownFileType = sourcecode.swift; path = ProductDisplayPageViewController.swift; sourceTree = "<group>"; };
		9FA2C527248632B300C0DD6C /* ProductDisplayPageViewModel.swift */ = {isa = PBXFileReference; lastKnownFileType = sourcecode.swift; path = ProductDisplayPageViewModel.swift; sourceTree = "<group>"; };
		9FA6229F247E76CB0036177F /* QuestionsTableViewController.swift */ = {isa = PBXFileReference; lastKnownFileType = sourcecode.swift; name = QuestionsTableViewController.swift; path = BVSwiftDemo/ViewControllers/QuestionsTableViewController.swift; sourceTree = SOURCE_ROOT; };
		9FA622A1247E77170036177F /* QuestionsViewModel.swift */ = {isa = PBXFileReference; lastKnownFileType = sourcecode.swift; path = QuestionsViewModel.swift; sourceTree = "<group>"; };
		9FA659822474F37D00D9498F /* BVSwiftDemoNavigationController.swift */ = {isa = PBXFileReference; lastKnownFileType = sourcecode.swift; path = BVSwiftDemoNavigationController.swift; sourceTree = "<group>"; };
		9FA659842474F48600D9498F /* UIKit+Extensions.swift */ = {isa = PBXFileReference; lastKnownFileType = sourcecode.swift; path = "UIKit+Extensions.swift"; sourceTree = "<group>"; };
		9FA6598624750ED800D9498F /* ViewControllerType.swift */ = {isa = PBXFileReference; lastKnownFileType = sourcecode.swift; path = ViewControllerType.swift; sourceTree = "<group>"; };
		9FA6598B247513C900D9498F /* ViewModelType.swift */ = {isa = PBXFileReference; lastKnownFileType = sourcecode.swift; path = ViewModelType.swift; sourceTree = "<group>"; };
		9FA73AFC248F885C00746ACA /* AnswersTableViewController.swift */ = {isa = PBXFileReference; lastKnownFileType = sourcecode.swift; path = AnswersTableViewController.swift; sourceTree = "<group>"; };
		9FA73AFE248F898A00746ACA /* AnswersViewModel.swift */ = {isa = PBXFileReference; lastKnownFileType = sourcecode.swift; path = AnswersViewModel.swift; sourceTree = "<group>"; };
		9FA73B00248F9D4E00746ACA /* DateTimeAgo.swift */ = {isa = PBXFileReference; fileEncoding = 4; lastKnownFileType = sourcecode.swift; path = DateTimeAgo.swift; sourceTree = "<group>"; };
		9FA73B02248FB2BA00746ACA /* AnswerTableViewCell.swift */ = {isa = PBXFileReference; lastKnownFileType = sourcecode.swift; path = AnswerTableViewCell.swift; sourceTree = "<group>"; };
		9FA7497D248A19E900BAA52E /* ProductDetailRecommendationsTableViewCell.swift */ = {isa = PBXFileReference; lastKnownFileType = sourcecode.swift; path = ProductDetailRecommendationsTableViewCell.swift; sourceTree = "<group>"; };
		9FACA28524877D1200D87F11 /* ProductDetailTableViewCell.swift */ = {isa = PBXFileReference; lastKnownFileType = sourcecode.swift; path = ProductDetailTableViewCell.swift; sourceTree = "<group>"; };
		9FC63B1A24C0926C0045013E /* Utils.swift */ = {isa = PBXFileReference; lastKnownFileType = sourcecode.swift; path = Utils.swift; sourceTree = "<group>"; };
		9FF7EB962473C2B0007FD337 /* Coordinator.swift */ = {isa = PBXFileReference; lastKnownFileType = sourcecode.swift; path = Coordinator.swift; sourceTree = "<group>"; };
		9FF7EB982473C346007FD337 /* AppCoordinator.swift */ = {isa = PBXFileReference; lastKnownFileType = sourcecode.swift; path = AppCoordinator.swift; sourceTree = "<group>"; };
		9FF7EB9C2473DA11007FD337 /* Storyboarded.swift */ = {isa = PBXFileReference; lastKnownFileType = sourcecode.swift; path = Storyboarded.swift; sourceTree = "<group>"; };
		A417D650407251B9FF79AE8A /* Pods_BVSwiftDemo.framework */ = {isa = PBXFileReference; explicitFileType = wrapper.framework; includeInIndex = 0; path = Pods_BVSwiftDemo.framework; sourceTree = BUILT_PRODUCTS_DIR; };
		B704A68C2E3A0FC40009C623 /* summarisedFeatures.json */ = {isa = PBXFileReference; lastKnownFileType = text.json; path = summarisedFeatures.json; sourceTree = "<group>"; };
		B704A68E2E3A16690009C623 /* productFeatures.json */ = {isa = PBXFileReference; lastKnownFileType = text.json; path = productFeatures.json; sourceTree = "<group>"; };
		B704A6902E3A16810009C623 /* productQuotes.json */ = {isa = PBXFileReference; lastKnownFileType = text.json; path = productQuotes.json; sourceTree = "<group>"; };
		B729D3372E30BF7F0053B53C /* ReviewsSectionsToogleTableViewCell.swift */ = {isa = PBXFileReference; lastKnownFileType = sourcecode.swift; path = ReviewsSectionsToogleTableViewCell.swift; sourceTree = "<group>"; };
		B7794A312DC0A986009B6D4E /* conversationsReviewSummary.json */ = {isa = PBXFileReference; lastKnownFileType = text.json; path = conversationsReviewSummary.json; sourceTree = "<group>"; };
		B79241F42E0BE73E00DF92A2 /* ProductSentimentsViewModel.swift */ = {isa = PBXFileReference; lastKnownFileType = sourcecode.swift; path = ProductSentimentsViewModel.swift; sourceTree = "<group>"; };
/* End PBXFileReference section */

/* Begin PBXFrameworksBuildPhase section */
		42BC40DC2473BB4E00008434 /* Frameworks */ = {
			isa = PBXFrameworksBuildPhase;
			buildActionMask = 2147483647;
			files = (
				74408BAB723D0BE446FEC273 /* Pods_BVSwiftDemo.framework in Frameworks */,
			);
			runOnlyForDeploymentPostprocessing = 0;
		};
/* End PBXFrameworksBuildPhase section */

/* Begin PBXGroup section */
		23D4F55752B8A773EFAA63B1 /* Pods */ = {
			isa = PBXGroup;
			children = (
				699334E2CF660A41F330A31F /* Pods-BVSwiftDemo.debug.xcconfig */,
				1A05BDCF7D654BF89CC5FC00 /* Pods-BVSwiftDemo.release.xcconfig */,
				6C790F49E86194E3D6655CCB /* Pods-BVSwiftDemo.staging.xcconfig */,
				7CF57EA0AF23C1E4FD372551 /* Pods-BVSwiftDemo.mock.xcconfig */,
			);
			path = Pods;
			sourceTree = "<group>";
		};
		4247D14624B6FC88002D6009 /* Home Header Images */ = {
			isa = PBXGroup;
			children = (
				4247D14924B6FCBB002D6009 /* slide_1@2x.jpg */,
				4247D14724B6FCBB002D6009 /* slide_2@2x.jpg */,
				4247D14824B6FCBB002D6009 /* slide_3@2x.jpg */,
			);
			path = "Home Header Images";
			sourceTree = "<group>";
		};
		42566A4C247E708B008FC057 /* Manager */ = {
			isa = PBXGroup;
			children = (
				42566A4D247E709B008FC057 /* ConfigurationManager.swift */,
				42CE5F9A24ADDE8B009D050B /* MockDataManager.swift */,
			);
			path = Manager;
			sourceTree = "<group>";
		};
		4258AF6424C06CEC003B3306 /* AlertViewFrameWork */ = {
			isa = PBXGroup;
			children = (
				42A6C79124C052FF006CF92C /* SweetAlert.swift */,
			);
			path = AlertViewFrameWork;
			sourceTree = "<group>";
		};
		42BC40D62473BB4E00008434 = {
			isa = PBXGroup;
			children = (
				42BC40E12473BB4E00008434 /* BVSwiftDemo */,
				42BC40E02473BB4E00008434 /* Products */,
				23D4F55752B8A773EFAA63B1 /* Pods */,
				5B208956F2937CE43ED7B38C /* Frameworks */,
			);
			sourceTree = "<group>";
		};
		42BC40E02473BB4E00008434 /* Products */ = {
			isa = PBXGroup;
			children = (
				42BC40DF2473BB4E00008434 /* BVSwiftDemo.app */,
			);
			name = Products;
			sourceTree = "<group>";
		};
		42BC40E12473BB4E00008434 /* BVSwiftDemo */ = {
			isa = PBXGroup;
			children = (
				9F32E66D247F960500CA2633 /* Views */,
				42566A4C247E708B008FC057 /* Manager */,
				42BC40F02473BB5100008434 /* Info.plist */,
				42BC40E22473BB4E00008434 /* AppDelegate.swift */,
				9FF7EB902473C096007FD337 /* ViewModels */,
				9FF7EB8F2473C089007FD337 /* ViewControllers */,
				9FF7EB912473C0DC007FD337 /* Coordinators */,
				9FF7EB942473C16E007FD337 /* Storyboards */,
				9FF7EB952473C1AA007FD337 /* Resources */,
				9FA659842474F48600D9498F /* UIKit+Extensions.swift */,
				9FA73B00248F9D4E00746ACA /* DateTimeAgo.swift */,
				9FC63B1A24C0926C0045013E /* Utils.swift */,
				42BC267524C9612D000CA351 /* BVSwiftDemoActionController.swift */,
				42BC267724C9653B000CA351 /* BVSwiftDemoActionCell.xib */,
			);
			path = BVSwiftDemo;
			sourceTree = "<group>";
		};
		42C84FF724B720FC000CA49F /* Home Advertisement Images */ = {
			isa = PBXGroup;
			children = (
				42C84FF824B7212F000CA49F /* revolution_cycles.png */,
			);
			path = "Home Advertisement Images";
			sourceTree = "<group>";
		};
		42CE5F9C24ADE240009D050B /* JSONFiles */ = {
			isa = PBXGroup;
			children = (
				B704A68B2E3A0F750009C623 /* ProductSentiments */,
				42CE5FA724ADE2B3009D050B /* conversationsAuthorWithIncludes.json */,
				42CE5FA624ADE2B3009D050B /* conversationsProductsIncludeStats.json */,
				B7794A312DC0A986009B6D4E /* conversationsReviewSummary.json */,
				42CE5FAC24ADE2B3009D050B /* conversationsQuestionsIncludeAnswers.json */,
				42CE5FAB24ADE2B3009D050B /* conversationsReviewsEnduranceCycles.json */,
				42CE5FB024ADE2B4009D050B /* curationsEnduranceCycles.json */,
				42CE5FB224ADE2B4009D050B /* post_successfulCreation.json */,
				42CE5FB124ADE2B4009D050B /* recommendationsResult.json */,
				42CE5FAA24ADE2B3009D050B /* storeBulkFeedWithStatistics.json */,
				42CE5FAF24ADE2B3009D050B /* submitAnswer.json */,
				42CE5FB324ADE2B4009D050B /* submitPhotoWithReview.json */,
				42CE5FB424ADE2B4009D050B /* submitQuestion.json */,
				42CE5FA824ADE2B3009D050B /* submitReview.json */,
				42CE5FA924ADE2B3009D050B /* testNotificationConfig.json */,
				42CE5FAD24ADE2B3009D050B /* testNotificationProductConfig.json */,
				42CE5FAE24ADE2B3009D050B /* userProfile1.json */,
				42CE5FC424AE19F1009D050B /* reviewHighlights.json */,
				42CE5F9D24ADE269009D050B /* ConversationsSorting */,
			);
			path = JSONFiles;
			sourceTree = "<group>";
		};
		42CE5F9D24ADE269009D050B /* ConversationsSorting */ = {
			isa = PBXGroup;
			children = (
				42CE5FA124ADE297009D050B /* conversationsReviewsEnduranceCycles_FilterLocation.json */,
				42CE5F9E24ADE297009D050B /* conversationsReviewsEnduranceCycles_SortHighestRated.json */,
				42CE5FA024ADE297009D050B /* conversationsReviewsEnduranceCycles_SortLowestRated.json */,
				42CE5F9F24ADE297009D050B /* conversationsReviewsEnduranceCycles_SortMostHelpful.json */,
			);
			path = ConversationsSorting;
			sourceTree = "<group>";
		};
		5B208956F2937CE43ED7B38C /* Frameworks */ = {
			isa = PBXGroup;
			children = (
				A417D650407251B9FF79AE8A /* Pods_BVSwiftDemo.framework */,
			);
			name = Frameworks;
			sourceTree = "<group>";
		};
		9F32E66D247F960500CA2633 /* Views */ = {
			isa = PBXGroup;
			children = (
				9FA73AF9248F53DF00746ACA /* UICollectionViewCells */,
				9FA73AF8248F53C900746ACA /* UITableViewCells */,
				9F32E670247FA34300CA2633 /* CardView.swift */,
			);
			path = Views;
			sourceTree = "<group>";
		};
		9FA659882475139000D9498F /* Protocols */ = {
			isa = PBXGroup;
			children = (
				9FA6598B247513C900D9498F /* ViewModelType.swift */,
			);
			path = Protocols;
			sourceTree = "<group>";
		};
		9FA73AF8248F53C900746ACA /* UITableViewCells */ = {
			isa = PBXGroup;
			children = (
				9F32E66E247F964300CA2633 /* QuestionAnswerTableViewCell.swift */,
				9FA73B02248FB2BA00746ACA /* AnswerTableViewCell.swift */,
				9FACA28524877D1200D87F11 /* ProductDetailTableViewCell.swift */,
				9F8A7C6A248938B100FA221C /* ProductDetailCurationsTableViewCell.swift */,
				9FA7497D248A19E900BAA52E /* ProductDetailRecommendationsTableViewCell.swift */,
				42FC2DED248F9D8300947F4A /* ReviewTableViewCell.swift */,
				42FC2DEF248F9DAD00947F4A /* ReviewHighLightsTableViewCell.swift */,
				42FC2DF1248FAB8800947F4A /* ReviewHighlightsHeaderTableViewCell.swift */,
				B729D3372E30BF7F0053B53C /* ReviewsSectionsToogleTableViewCell.swift */,
			);
			path = UITableViewCells;
			sourceTree = "<group>";
		};
		9FA73AF9248F53DF00746ACA /* UICollectionViewCells */ = {
			isa = PBXGroup;
			children = (
				9F8A7C6C24893F1300FA221C /* CurationsCollectionViewCell.swift */,
				42B93A1F248942CB003B5D6C /* ProductCollectionViewCell.swift */,
				42C84FF524B71EA5000CA49F /* HomeAdvertisementCollectionViewCell.swift */,
			);
			path = UICollectionViewCells;
			sourceTree = "<group>";
		};
		9FF7EB8F2473C089007FD337 /* ViewControllers */ = {
			isa = PBXGroup;
			children = (
				9FF7EB9B2473D9FF007FD337 /* Protocols */,
				9FA6229F247E76CB0036177F /* QuestionsTableViewController.swift */,
				9FA659822474F37D00D9498F /* BVSwiftDemoNavigationController.swift */,
				42BC40E62473BB4E00008434 /* HomeViewController.swift */,
				9FA2C5252486328A00C0DD6C /* ProductDisplayPageViewController.swift */,
				42FC2DE9248F9D3600947F4A /* ReviewsViewController.swift */,
				9FA73AFC248F885C00746ACA /* AnswersTableViewController.swift */,
				42665BE02498A43A00586C9A /* AuthorViewController.swift */,
				42A6C78C24BDB615006CF92C /* WriteReviewViewController.swift */,
				9F37A8DA24BD8FC700B23DDB /* AskAQuestionViewController.swift */,
			);
			path = ViewControllers;
			sourceTree = "<group>";
		};
		9FF7EB902473C096007FD337 /* ViewModels */ = {
			isa = PBXGroup;
			children = (
				9FA659882475139000D9498F /* Protocols */,
				9F1628852473F54600959C78 /* HomeViewModel.swift */,
				9FA622A1247E77170036177F /* QuestionsViewModel.swift */,
				9FA2C527248632B300C0DD6C /* ProductDisplayPageViewModel.swift */,
				42FC2DEB248F9D5400947F4A /* ReviewsViewModel.swift */,
				9FA73AFE248F898A00746ACA /* AnswersViewModel.swift */,
				42665BE22498A45900586C9A /* AuthorViewModel.swift */,
				42A6C78E24BDB6BA006CF92C /* WriteReviewViewModel.swift */,
				9F37A8DC24BD8FDE00B23DDB /* AskAQuestionViewModel.swift */,
				B79241F42E0BE73E00DF92A2 /* ProductSentimentsViewModel.swift */,
			);
			path = ViewModels;
			sourceTree = "<group>";
		};
		9FF7EB912473C0DC007FD337 /* Coordinators */ = {
			isa = PBXGroup;
			children = (
				9FF7EB962473C2B0007FD337 /* Coordinator.swift */,
				9FF7EB982473C346007FD337 /* AppCoordinator.swift */,
			);
			path = Coordinators;
			sourceTree = "<group>";
		};
		9FF7EB942473C16E007FD337 /* Storyboards */ = {
			isa = PBXGroup;
			children = (
				42BC40ED2473BB5100008434 /* LaunchScreen.storyboard */,
				42BC40E82473BB4E00008434 /* Main.storyboard */,
			);
			path = Storyboards;
			sourceTree = "<group>";
		};
		9FF7EB952473C1AA007FD337 /* Resources */ = {
			isa = PBXGroup;
			children = (
				4258AF6424C06CEC003B3306 /* AlertViewFrameWork */,
				42C84FF724B720FC000CA49F /* Home Advertisement Images */,
				4247D14624B6FC88002D6009 /* Home Header Images */,
				42CE5F9C24ADE240009D050B /* JSONFiles */,
				42BC40EB2473BB5100008434 /* Assets.xcassets */,
				422B448724B337AC009225CC /* URLConstants.swift */,
			);
			path = Resources;
			sourceTree = "<group>";
		};
		9FF7EB9B2473D9FF007FD337 /* Protocols */ = {
			isa = PBXGroup;
			children = (
				9FF7EB9C2473DA11007FD337 /* Storyboarded.swift */,
				9FA6598624750ED800D9498F /* ViewControllerType.swift */,
			);
			path = Protocols;
			sourceTree = "<group>";
		};
		B704A68B2E3A0F750009C623 /* ProductSentiments */ = {
			isa = PBXGroup;
			children = (
				B704A68C2E3A0FC40009C623 /* summarisedFeatures.json */,
				B704A68E2E3A16690009C623 /* productFeatures.json */,
				B704A6902E3A16810009C623 /* productQuotes.json */,
			);
			path = ProductSentiments;
			sourceTree = "<group>";
		};
/* End PBXGroup section */

/* Begin PBXNativeTarget section */
		42BC40DE2473BB4E00008434 /* BVSwiftDemo */ = {
			isa = PBXNativeTarget;
			buildConfigurationList = 42BC40F32473BB5100008434 /* Build configuration list for PBXNativeTarget "BVSwiftDemo" */;
			buildPhases = (
				900B555F69E5635780E4775A /* [CP] Check Pods Manifest.lock */,
				42BC40DB2473BB4E00008434 /* Sources */,
				42BC40DC2473BB4E00008434 /* Frameworks */,
				42BC40DD2473BB4E00008434 /* Resources */,
				7BE978BF3CCBF67239465CAB /* [CP] Embed Pods Frameworks */,
			);
			buildRules = (
			);
			dependencies = (
			);
			name = BVSwiftDemo;
			productName = BVSwiftDemo;
			productReference = 42BC40DF2473BB4E00008434 /* BVSwiftDemo.app */;
			productType = "com.apple.product-type.application";
		};
/* End PBXNativeTarget section */

/* Begin PBXProject section */
		42BC40D72473BB4E00008434 /* Project object */ = {
			isa = PBXProject;
			attributes = {
				LastSwiftUpdateCheck = 1130;
				LastUpgradeCheck = 1130;
				ORGANIZATIONNAME = Bazaarvoice;
				TargetAttributes = {
					42BC40DE2473BB4E00008434 = {
						CreatedOnToolsVersion = 11.3.1;
					};
				};
			};
			buildConfigurationList = 42BC40DA2473BB4E00008434 /* Build configuration list for PBXProject "BVSwiftDemo" */;
			compatibilityVersion = "Xcode 9.3";
			developmentRegion = en;
			hasScannedForEncodings = 0;
			knownRegions = (
				en,
				Base,
			);
			mainGroup = 42BC40D62473BB4E00008434;
			productRefGroup = 42BC40E02473BB4E00008434 /* Products */;
			projectDirPath = "";
			projectRoot = "";
			targets = (
				42BC40DE2473BB4E00008434 /* BVSwiftDemo */,
			);
		};
/* End PBXProject section */

/* Begin PBXResourcesBuildPhase section */
		42BC40DD2473BB4E00008434 /* Resources */ = {
			isa = PBXResourcesBuildPhase;
			buildActionMask = 2147483647;
			files = (
				42CE5FB824ADE2B4009D050B /* testNotificationConfig.json in Resources */,
				42CE5FBF24ADE2B4009D050B /* curationsEnduranceCycles.json in Resources */,
				42CE5FBC24ADE2B4009D050B /* testNotificationProductConfig.json in Resources */,
				42C84FF924B7212F000CA49F /* revolution_cycles.png in Resources */,
				42CE5FA424ADE297009D050B /* conversationsReviewsEnduranceCycles_SortLowestRated.json in Resources */,
				42CE5FB724ADE2B4009D050B /* submitReview.json in Resources */,
				42CE5FBA24ADE2B4009D050B /* conversationsReviewsEnduranceCycles.json in Resources */,
				42BC40EF2473BB5100008434 /* LaunchScreen.storyboard in Resources */,
				B704A68D2E3A0FC40009C623 /* summarisedFeatures.json in Resources */,
				42CE5FC224ADE2B4009D050B /* submitPhotoWithReview.json in Resources */,
				42CE5FBB24ADE2B4009D050B /* conversationsQuestionsIncludeAnswers.json in Resources */,
				4247D14A24B6FCBB002D6009 /* slide_2@2x.jpg in Resources */,
				42CE5FBE24ADE2B4009D050B /* submitAnswer.json in Resources */,
				42CE5FA324ADE297009D050B /* conversationsReviewsEnduranceCycles_SortMostHelpful.json in Resources */,
				4247D14C24B6FCBB002D6009 /* slide_1@2x.jpg in Resources */,
				42CE5FC124ADE2B4009D050B /* post_successfulCreation.json in Resources */,
				4247D14B24B6FCBB002D6009 /* slide_3@2x.jpg in Resources */,
				42CE5FB524ADE2B4009D050B /* conversationsProductsIncludeStats.json in Resources */,
				42CE5FC524AE19F1009D050B /* reviewHighlights.json in Resources */,
				42BC267824C9653B000CA351 /* BVSwiftDemoActionCell.xib in Resources */,
				42CE5FB624ADE2B4009D050B /* conversationsAuthorWithIncludes.json in Resources */,
				B7794A322DC0A986009B6D4E /* conversationsReviewSummary.json in Resources */,
				42CE5FBD24ADE2B4009D050B /* userProfile1.json in Resources */,
				42CE5FC324ADE2B4009D050B /* submitQuestion.json in Resources */,
				42BC40EC2473BB5100008434 /* Assets.xcassets in Resources */,
				42CE5FB924ADE2B4009D050B /* storeBulkFeedWithStatistics.json in Resources */,
				42BC40EA2473BB4E00008434 /* Main.storyboard in Resources */,
				42CE5FA224ADE297009D050B /* conversationsReviewsEnduranceCycles_SortHighestRated.json in Resources */,
				B704A6912E3A16810009C623 /* productQuotes.json in Resources */,
				42CE5FC024ADE2B4009D050B /* recommendationsResult.json in Resources */,
				B704A68F2E3A16690009C623 /* productFeatures.json in Resources */,
				42CE5FA524ADE297009D050B /* conversationsReviewsEnduranceCycles_FilterLocation.json in Resources */,
			);
			runOnlyForDeploymentPostprocessing = 0;
		};
/* End PBXResourcesBuildPhase section */

/* Begin PBXShellScriptBuildPhase section */
		7BE978BF3CCBF67239465CAB /* [CP] Embed Pods Frameworks */ = {
			isa = PBXShellScriptBuildPhase;
			buildActionMask = 2147483647;
			files = (
			);
			inputFileListPaths = (
				"${PODS_ROOT}/Target Support Files/Pods-BVSwiftDemo/Pods-BVSwiftDemo-frameworks-${CONFIGURATION}-input-files.xcfilelist",
			);
			name = "[CP] Embed Pods Frameworks";
			outputFileListPaths = (
				"${PODS_ROOT}/Target Support Files/Pods-BVSwiftDemo/Pods-BVSwiftDemo-frameworks-${CONFIGURATION}-output-files.xcfilelist",
			);
			runOnlyForDeploymentPostprocessing = 0;
			shellPath = /bin/sh;
			shellScript = "\"${PODS_ROOT}/Target Support Files/Pods-BVSwiftDemo/Pods-BVSwiftDemo-frameworks.sh\"\n";
			showEnvVarsInLog = 0;
		};
		900B555F69E5635780E4775A /* [CP] Check Pods Manifest.lock */ = {
			isa = PBXShellScriptBuildPhase;
			buildActionMask = 2147483647;
			files = (
			);
			inputFileListPaths = (
			);
			inputPaths = (
				"${PODS_PODFILE_DIR_PATH}/Podfile.lock",
				"${PODS_ROOT}/Manifest.lock",
			);
			name = "[CP] Check Pods Manifest.lock";
			outputFileListPaths = (
			);
			outputPaths = (
				"$(DERIVED_FILE_DIR)/Pods-BVSwiftDemo-checkManifestLockResult.txt",
			);
			runOnlyForDeploymentPostprocessing = 0;
			shellPath = /bin/sh;
			shellScript = "diff \"${PODS_PODFILE_DIR_PATH}/Podfile.lock\" \"${PODS_ROOT}/Manifest.lock\" > /dev/null\nif [ $? != 0 ] ; then\n    # print error to STDERR\n    echo \"error: The sandbox is not in sync with the Podfile.lock. Run 'pod install' or update your CocoaPods installation.\" >&2\n    exit 1\nfi\n# This output is used by Xcode 'outputs' to avoid re-running this script phase.\necho \"SUCCESS\" > \"${SCRIPT_OUTPUT_FILE_0}\"\n";
			showEnvVarsInLog = 0;
		};
/* End PBXShellScriptBuildPhase section */

/* Begin PBXSourcesBuildPhase section */
		42BC40DB2473BB4E00008434 /* Sources */ = {
			isa = PBXSourcesBuildPhase;
			buildActionMask = 2147483647;
			files = (
				B79241F52E0BE73E00DF92A2 /* ProductSentimentsViewModel.swift in Sources */,
				9FA659832474F37D00D9498F /* BVSwiftDemoNavigationController.swift in Sources */,
				42FC2DEA248F9D3600947F4A /* ReviewsViewController.swift in Sources */,
				42FC2DEC248F9D5400947F4A /* ReviewsViewModel.swift in Sources */,
				42C84FF624B71EA5000CA49F /* HomeAdvertisementCollectionViewCell.swift in Sources */,
				9FA73B03248FB2BA00746ACA /* AnswerTableViewCell.swift in Sources */,
				9FC63B1B24C0926C0045013E /* Utils.swift in Sources */,
				9FF7EB972473C2B0007FD337 /* Coordinator.swift in Sources */,
				42B93A20248942CB003B5D6C /* ProductCollectionViewCell.swift in Sources */,
				9F1628862473F54600959C78 /* HomeViewModel.swift in Sources */,
				42A6C78F24BDB6BA006CF92C /* WriteReviewViewModel.swift in Sources */,
				42CE5F9B24ADDE8B009D050B /* MockDataManager.swift in Sources */,
				42665BE12498A43A00586C9A /* AuthorViewController.swift in Sources */,
				9F37A8DD24BD8FDE00B23DDB /* AskAQuestionViewModel.swift in Sources */,
				42FC2DF2248FAB8800947F4A /* ReviewHighlightsHeaderTableViewCell.swift in Sources */,
				42BC40E72473BB4E00008434 /* HomeViewController.swift in Sources */,
				42BC267624C9612E000CA351 /* BVSwiftDemoActionController.swift in Sources */,
				42566A4E247E709B008FC057 /* ConfigurationManager.swift in Sources */,
				9FA7497E248A19E900BAA52E /* ProductDetailRecommendationsTableViewCell.swift in Sources */,
				42A6C78D24BDB615006CF92C /* WriteReviewViewController.swift in Sources */,
				42665BE32498A45900586C9A /* AuthorViewModel.swift in Sources */,
				9FA73B01248F9D4E00746ACA /* DateTimeAgo.swift in Sources */,
				9FA2C5262486328A00C0DD6C /* ProductDisplayPageViewController.swift in Sources */,
				9FA659852474F48600D9498F /* UIKit+Extensions.swift in Sources */,
				9FA73AFD248F885C00746ACA /* AnswersTableViewController.swift in Sources */,
				9FA622A2247E77170036177F /* QuestionsViewModel.swift in Sources */,
				9FF7EB992473C346007FD337 /* AppCoordinator.swift in Sources */,
				42BC40E32473BB4E00008434 /* AppDelegate.swift in Sources */,
				9FA6598C247513C900D9498F /* ViewModelType.swift in Sources */,
				9FA2C528248632B300C0DD6C /* ProductDisplayPageViewModel.swift in Sources */,
				9FACA28624877D1200D87F11 /* ProductDetailTableViewCell.swift in Sources */,
				9FA73AFF248F898A00746ACA /* AnswersViewModel.swift in Sources */,
				B729D3382E30BF7F0053B53C /* ReviewsSectionsToogleTableViewCell.swift in Sources */,
				422B448824B337AC009225CC /* URLConstants.swift in Sources */,
				42A6C79224C052FF006CF92C /* SweetAlert.swift in Sources */,
				9F8A7C6B248938B100FA221C /* ProductDetailCurationsTableViewCell.swift in Sources */,
				9FA622A0247E76CB0036177F /* QuestionsTableViewController.swift in Sources */,
				9F8A7C6D24893F1300FA221C /* CurationsCollectionViewCell.swift in Sources */,
				9F32E671247FA34300CA2633 /* CardView.swift in Sources */,
				9FA6598724750ED800D9498F /* ViewControllerType.swift in Sources */,
				42FC2DF0248F9DAD00947F4A /* ReviewHighLightsTableViewCell.swift in Sources */,
				9F37A8DB24BD8FC700B23DDB /* AskAQuestionViewController.swift in Sources */,
				42FC2DEE248F9D8300947F4A /* ReviewTableViewCell.swift in Sources */,
				9FF7EB9D2473DA11007FD337 /* Storyboarded.swift in Sources */,
				9F32E66F247F964300CA2633 /* QuestionAnswerTableViewCell.swift in Sources */,
			);
			runOnlyForDeploymentPostprocessing = 0;
		};
/* End PBXSourcesBuildPhase section */

/* Begin PBXVariantGroup section */
		42BC40E82473BB4E00008434 /* Main.storyboard */ = {
			isa = PBXVariantGroup;
			children = (
				42BC40E92473BB4E00008434 /* Base */,
			);
			name = Main.storyboard;
			sourceTree = "<group>";
		};
		42BC40ED2473BB5100008434 /* LaunchScreen.storyboard */ = {
			isa = PBXVariantGroup;
			children = (
				42BC40EE2473BB5100008434 /* Base */,
			);
			name = LaunchScreen.storyboard;
			sourceTree = "<group>";
		};
/* End PBXVariantGroup section */

/* Begin XCBuildConfiguration section */
		422B448524B317DF009225CC /* mock */ = {
			isa = XCBuildConfiguration;
			buildSettings = {
				ALWAYS_SEARCH_USER_PATHS = NO;
				CLANG_ANALYZER_NONNULL = YES;
				CLANG_ANALYZER_NUMBER_OBJECT_CONVERSION = YES_AGGRESSIVE;
				CLANG_CXX_LANGUAGE_STANDARD = "gnu++14";
				CLANG_CXX_LIBRARY = "libc++";
				CLANG_ENABLE_MODULES = YES;
				CLANG_ENABLE_OBJC_ARC = YES;
				CLANG_ENABLE_OBJC_WEAK = YES;
				CLANG_WARN_BLOCK_CAPTURE_AUTORELEASING = YES;
				CLANG_WARN_BOOL_CONVERSION = YES;
				CLANG_WARN_COMMA = YES;
				CLANG_WARN_CONSTANT_CONVERSION = YES;
				CLANG_WARN_DEPRECATED_OBJC_IMPLEMENTATIONS = YES;
				CLANG_WARN_DIRECT_OBJC_ISA_USAGE = YES_ERROR;
				CLANG_WARN_DOCUMENTATION_COMMENTS = YES;
				CLANG_WARN_EMPTY_BODY = YES;
				CLANG_WARN_ENUM_CONVERSION = YES;
				CLANG_WARN_INFINITE_RECURSION = YES;
				CLANG_WARN_INT_CONVERSION = YES;
				CLANG_WARN_NON_LITERAL_NULL_CONVERSION = YES;
				CLANG_WARN_OBJC_IMPLICIT_RETAIN_SELF = YES;
				CLANG_WARN_OBJC_LITERAL_CONVERSION = YES;
				CLANG_WARN_OBJC_ROOT_CLASS = YES_ERROR;
				CLANG_WARN_RANGE_LOOP_ANALYSIS = YES;
				CLANG_WARN_STRICT_PROTOTYPES = YES;
				CLANG_WARN_SUSPICIOUS_MOVE = YES;
				CLANG_WARN_UNGUARDED_AVAILABILITY = YES_AGGRESSIVE;
				CLANG_WARN_UNREACHABLE_CODE = YES;
				CLANG_WARN__DUPLICATE_METHOD_MATCH = YES;
				COPY_PHASE_STRIP = NO;
				DEBUG_INFORMATION_FORMAT = "dwarf-with-dsym";
				ENABLE_NS_ASSERTIONS = NO;
				ENABLE_STRICT_OBJC_MSGSEND = YES;
				ENV = mock;
				GCC_C_LANGUAGE_STANDARD = gnu11;
				GCC_NO_COMMON_BLOCKS = YES;
				GCC_WARN_64_TO_32_BIT_CONVERSION = YES;
				GCC_WARN_ABOUT_RETURN_TYPE = YES_ERROR;
				GCC_WARN_UNDECLARED_SELECTOR = YES;
				GCC_WARN_UNINITIALIZED_AUTOS = YES_AGGRESSIVE;
				GCC_WARN_UNUSED_FUNCTION = YES;
				GCC_WARN_UNUSED_VARIABLE = YES;
				IPHONEOS_DEPLOYMENT_TARGET = 13.2;
				MTL_ENABLE_DEBUG_INFO = NO;
				MTL_FAST_MATH = YES;
				SDKROOT = iphoneos;
				SWIFT_COMPILATION_MODE = wholemodule;
				SWIFT_OPTIMIZATION_LEVEL = "-O";
				VALIDATE_PRODUCT = YES;
			};
			name = mock;
		};
		422B448624B317DF009225CC /* mock */ = {
			isa = XCBuildConfiguration;
			baseConfigurationReference = 7CF57EA0AF23C1E4FD372551 /* Pods-BVSwiftDemo.mock.xcconfig */;
			buildSettings = {
				ASSETCATALOG_COMPILER_APPICON_NAME = AppIcon;
				CODE_SIGN_STYLE = Automatic;
				DEVELOPMENT_TEAM = "";
				EXCLUDED_ARCHS = arm64;
				INFOPLIST_FILE = BVSwiftDemo/Info.plist;
				IPHONEOS_DEPLOYMENT_TARGET = 13.2;
				LD_RUNPATH_SEARCH_PATHS = (
					"$(inherited)",
					"@executable_path/Frameworks",
				);
				MARKETING_VERSION = 1.0.1;
				ONLY_ACTIVE_ARCH = YES;
				PRODUCT_BUNDLE_IDENTIFIER = com.bazaarvoice.BVSwiftDemo;
				PRODUCT_NAME = "$(TARGET_NAME)";
				SWIFT_VERSION = 5.0;
				TARGETED_DEVICE_FAMILY = "1,2";
			};
			name = mock;
		};
		4295BD6E2476FE60002395CD /* Staging */ = {
			isa = XCBuildConfiguration;
			buildSettings = {
				ALWAYS_SEARCH_USER_PATHS = NO;
				CLANG_ANALYZER_NONNULL = YES;
				CLANG_ANALYZER_NUMBER_OBJECT_CONVERSION = YES_AGGRESSIVE;
				CLANG_CXX_LANGUAGE_STANDARD = "gnu++14";
				CLANG_CXX_LIBRARY = "libc++";
				CLANG_ENABLE_MODULES = YES;
				CLANG_ENABLE_OBJC_ARC = YES;
				CLANG_ENABLE_OBJC_WEAK = YES;
				CLANG_WARN_BLOCK_CAPTURE_AUTORELEASING = YES;
				CLANG_WARN_BOOL_CONVERSION = YES;
				CLANG_WARN_COMMA = YES;
				CLANG_WARN_CONSTANT_CONVERSION = YES;
				CLANG_WARN_DEPRECATED_OBJC_IMPLEMENTATIONS = YES;
				CLANG_WARN_DIRECT_OBJC_ISA_USAGE = YES_ERROR;
				CLANG_WARN_DOCUMENTATION_COMMENTS = YES;
				CLANG_WARN_EMPTY_BODY = YES;
				CLANG_WARN_ENUM_CONVERSION = YES;
				CLANG_WARN_INFINITE_RECURSION = YES;
				CLANG_WARN_INT_CONVERSION = YES;
				CLANG_WARN_NON_LITERAL_NULL_CONVERSION = YES;
				CLANG_WARN_OBJC_IMPLICIT_RETAIN_SELF = YES;
				CLANG_WARN_OBJC_LITERAL_CONVERSION = YES;
				CLANG_WARN_OBJC_ROOT_CLASS = YES_ERROR;
				CLANG_WARN_RANGE_LOOP_ANALYSIS = YES;
				CLANG_WARN_STRICT_PROTOTYPES = YES;
				CLANG_WARN_SUSPICIOUS_MOVE = YES;
				CLANG_WARN_UNGUARDED_AVAILABILITY = YES_AGGRESSIVE;
				CLANG_WARN_UNREACHABLE_CODE = YES;
				CLANG_WARN__DUPLICATE_METHOD_MATCH = YES;
				COPY_PHASE_STRIP = NO;
				DEBUG_INFORMATION_FORMAT = "dwarf-with-dsym";
				ENABLE_NS_ASSERTIONS = NO;
				ENABLE_STRICT_OBJC_MSGSEND = YES;
				ENV = staging;
				GCC_C_LANGUAGE_STANDARD = gnu11;
				GCC_NO_COMMON_BLOCKS = YES;
				GCC_WARN_64_TO_32_BIT_CONVERSION = YES;
				GCC_WARN_ABOUT_RETURN_TYPE = YES_ERROR;
				GCC_WARN_UNDECLARED_SELECTOR = YES;
				GCC_WARN_UNINITIALIZED_AUTOS = YES_AGGRESSIVE;
				GCC_WARN_UNUSED_FUNCTION = YES;
				GCC_WARN_UNUSED_VARIABLE = YES;
				IPHONEOS_DEPLOYMENT_TARGET = 13.2;
				MTL_ENABLE_DEBUG_INFO = NO;
				MTL_FAST_MATH = YES;
				SDKROOT = iphoneos;
				SWIFT_COMPILATION_MODE = wholemodule;
				SWIFT_OPTIMIZATION_LEVEL = "-O";
				VALIDATE_PRODUCT = YES;
			};
			name = Staging;
		};
		4295BD6F2476FE60002395CD /* Staging */ = {
			isa = XCBuildConfiguration;
			baseConfigurationReference = 6C790F49E86194E3D6655CCB /* Pods-BVSwiftDemo.staging.xcconfig */;
			buildSettings = {
				ASSETCATALOG_COMPILER_APPICON_NAME = AppIcon;
				CODE_SIGN_STYLE = Automatic;
				DEVELOPMENT_TEAM = "";
				EXCLUDED_ARCHS = "";
				INFOPLIST_FILE = BVSwiftDemo/Info.plist;
				IPHONEOS_DEPLOYMENT_TARGET = 13.2;
				LD_RUNPATH_SEARCH_PATHS = (
					"$(inherited)",
					"@executable_path/Frameworks",
				);
				MARKETING_VERSION = 1.0.1;
				ONLY_ACTIVE_ARCH = YES;
				PRODUCT_BUNDLE_IDENTIFIER = com.bazaarvoice.BVSwiftDemo;
				PRODUCT_NAME = "$(TARGET_NAME)";
				SWIFT_VERSION = 5.0;
				TARGETED_DEVICE_FAMILY = "1,2";
			};
			name = Staging;
		};
		42BC40F12473BB5100008434 /* Debug */ = {
			isa = XCBuildConfiguration;
			buildSettings = {
				ALWAYS_SEARCH_USER_PATHS = NO;
				CLANG_ANALYZER_NONNULL = YES;
				CLANG_ANALYZER_NUMBER_OBJECT_CONVERSION = YES_AGGRESSIVE;
				CLANG_CXX_LANGUAGE_STANDARD = "gnu++14";
				CLANG_CXX_LIBRARY = "libc++";
				CLANG_ENABLE_MODULES = YES;
				CLANG_ENABLE_OBJC_ARC = YES;
				CLANG_ENABLE_OBJC_WEAK = YES;
				CLANG_WARN_BLOCK_CAPTURE_AUTORELEASING = YES;
				CLANG_WARN_BOOL_CONVERSION = YES;
				CLANG_WARN_COMMA = YES;
				CLANG_WARN_CONSTANT_CONVERSION = YES;
				CLANG_WARN_DEPRECATED_OBJC_IMPLEMENTATIONS = YES;
				CLANG_WARN_DIRECT_OBJC_ISA_USAGE = YES_ERROR;
				CLANG_WARN_DOCUMENTATION_COMMENTS = YES;
				CLANG_WARN_EMPTY_BODY = YES;
				CLANG_WARN_ENUM_CONVERSION = YES;
				CLANG_WARN_INFINITE_RECURSION = YES;
				CLANG_WARN_INT_CONVERSION = YES;
				CLANG_WARN_NON_LITERAL_NULL_CONVERSION = YES;
				CLANG_WARN_OBJC_IMPLICIT_RETAIN_SELF = YES;
				CLANG_WARN_OBJC_LITERAL_CONVERSION = YES;
				CLANG_WARN_OBJC_ROOT_CLASS = YES_ERROR;
				CLANG_WARN_RANGE_LOOP_ANALYSIS = YES;
				CLANG_WARN_STRICT_PROTOTYPES = YES;
				CLANG_WARN_SUSPICIOUS_MOVE = YES;
				CLANG_WARN_UNGUARDED_AVAILABILITY = YES_AGGRESSIVE;
				CLANG_WARN_UNREACHABLE_CODE = YES;
				CLANG_WARN__DUPLICATE_METHOD_MATCH = YES;
				COPY_PHASE_STRIP = NO;
				DEBUG_INFORMATION_FORMAT = dwarf;
				ENABLE_STRICT_OBJC_MSGSEND = YES;
				ENABLE_TESTABILITY = YES;
				ENV = production;
				GCC_C_LANGUAGE_STANDARD = gnu11;
				GCC_DYNAMIC_NO_PIC = NO;
				GCC_NO_COMMON_BLOCKS = YES;
				GCC_OPTIMIZATION_LEVEL = 0;
				GCC_PREPROCESSOR_DEFINITIONS = (
					"DEBUG=1",
					"$(inherited)",
				);
				GCC_WARN_64_TO_32_BIT_CONVERSION = YES;
				GCC_WARN_ABOUT_RETURN_TYPE = YES_ERROR;
				GCC_WARN_UNDECLARED_SELECTOR = YES;
				GCC_WARN_UNINITIALIZED_AUTOS = YES_AGGRESSIVE;
				GCC_WARN_UNUSED_FUNCTION = YES;
				GCC_WARN_UNUSED_VARIABLE = YES;
				IPHONEOS_DEPLOYMENT_TARGET = 13.2;
				MTL_ENABLE_DEBUG_INFO = INCLUDE_SOURCE;
				MTL_FAST_MATH = YES;
				ONLY_ACTIVE_ARCH = YES;
				SDKROOT = iphoneos;
				SWIFT_ACTIVE_COMPILATION_CONDITIONS = DEBUG;
				SWIFT_OPTIMIZATION_LEVEL = "-Onone";
			};
			name = Debug;
		};
		42BC40F22473BB5100008434 /* Release */ = {
			isa = XCBuildConfiguration;
			buildSettings = {
				ALWAYS_SEARCH_USER_PATHS = NO;
				CLANG_ANALYZER_NONNULL = YES;
				CLANG_ANALYZER_NUMBER_OBJECT_CONVERSION = YES_AGGRESSIVE;
				CLANG_CXX_LANGUAGE_STANDARD = "gnu++14";
				CLANG_CXX_LIBRARY = "libc++";
				CLANG_ENABLE_MODULES = YES;
				CLANG_ENABLE_OBJC_ARC = YES;
				CLANG_ENABLE_OBJC_WEAK = YES;
				CLANG_WARN_BLOCK_CAPTURE_AUTORELEASING = YES;
				CLANG_WARN_BOOL_CONVERSION = YES;
				CLANG_WARN_COMMA = YES;
				CLANG_WARN_CONSTANT_CONVERSION = YES;
				CLANG_WARN_DEPRECATED_OBJC_IMPLEMENTATIONS = YES;
				CLANG_WARN_DIRECT_OBJC_ISA_USAGE = YES_ERROR;
				CLANG_WARN_DOCUMENTATION_COMMENTS = YES;
				CLANG_WARN_EMPTY_BODY = YES;
				CLANG_WARN_ENUM_CONVERSION = YES;
				CLANG_WARN_INFINITE_RECURSION = YES;
				CLANG_WARN_INT_CONVERSION = YES;
				CLANG_WARN_NON_LITERAL_NULL_CONVERSION = YES;
				CLANG_WARN_OBJC_IMPLICIT_RETAIN_SELF = YES;
				CLANG_WARN_OBJC_LITERAL_CONVERSION = YES;
				CLANG_WARN_OBJC_ROOT_CLASS = YES_ERROR;
				CLANG_WARN_RANGE_LOOP_ANALYSIS = YES;
				CLANG_WARN_STRICT_PROTOTYPES = YES;
				CLANG_WARN_SUSPICIOUS_MOVE = YES;
				CLANG_WARN_UNGUARDED_AVAILABILITY = YES_AGGRESSIVE;
				CLANG_WARN_UNREACHABLE_CODE = YES;
				CLANG_WARN__DUPLICATE_METHOD_MATCH = YES;
				COPY_PHASE_STRIP = NO;
				DEBUG_INFORMATION_FORMAT = "dwarf-with-dsym";
				ENABLE_NS_ASSERTIONS = NO;
				ENABLE_STRICT_OBJC_MSGSEND = YES;
				ENV = dev;
				GCC_C_LANGUAGE_STANDARD = gnu11;
				GCC_NO_COMMON_BLOCKS = YES;
				GCC_WARN_64_TO_32_BIT_CONVERSION = YES;
				GCC_WARN_ABOUT_RETURN_TYPE = YES_ERROR;
				GCC_WARN_UNDECLARED_SELECTOR = YES;
				GCC_WARN_UNINITIALIZED_AUTOS = YES_AGGRESSIVE;
				GCC_WARN_UNUSED_FUNCTION = YES;
				GCC_WARN_UNUSED_VARIABLE = YES;
				IPHONEOS_DEPLOYMENT_TARGET = 13.2;
				MTL_ENABLE_DEBUG_INFO = NO;
				MTL_FAST_MATH = YES;
				SDKROOT = iphoneos;
				SWIFT_COMPILATION_MODE = wholemodule;
				SWIFT_OPTIMIZATION_LEVEL = "-O";
				VALIDATE_PRODUCT = YES;
			};
			name = Release;
		};
		42BC40F42473BB5100008434 /* Debug */ = {
			isa = XCBuildConfiguration;
			baseConfigurationReference = 699334E2CF660A41F330A31F /* Pods-BVSwiftDemo.debug.xcconfig */;
			buildSettings = {
				ASSETCATALOG_COMPILER_APPICON_NAME = AppIcon;
				CODE_SIGN_STYLE = Automatic;
				DEVELOPMENT_TEAM = "";
				EXCLUDED_ARCHS = "";
				INFOPLIST_FILE = BVSwiftDemo/Info.plist;
				IPHONEOS_DEPLOYMENT_TARGET = 13.2;
				LD_RUNPATH_SEARCH_PATHS = (
					"$(inherited)",
					"@executable_path/Frameworks",
				);
				MARKETING_VERSION = 1.0.1;
				ONLY_ACTIVE_ARCH = YES;
				PRODUCT_BUNDLE_IDENTIFIER = com.bazaarvoice.BVSwiftDemo;
				PRODUCT_NAME = "$(TARGET_NAME)";
				SWIFT_VERSION = 5.0;
				TARGETED_DEVICE_FAMILY = "1,2";
			};
			name = Debug;
		};
		42BC40F52473BB5100008434 /* Release */ = {
			isa = XCBuildConfiguration;
			baseConfigurationReference = 1A05BDCF7D654BF89CC5FC00 /* Pods-BVSwiftDemo.release.xcconfig */;
			buildSettings = {
				ASSETCATALOG_COMPILER_APPICON_NAME = AppIcon;
				CODE_SIGN_STYLE = Automatic;
				DEVELOPMENT_TEAM = "";
				INFOPLIST_FILE = BVSwiftDemo/Info.plist;
				IPHONEOS_DEPLOYMENT_TARGET = 13.2;
				LD_RUNPATH_SEARCH_PATHS = (
					"$(inherited)",
					"@executable_path/Frameworks",
				);
				MARKETING_VERSION = 1.0.1;
				ONLY_ACTIVE_ARCH = YES;
				PRODUCT_BUNDLE_IDENTIFIER = com.bazaarvoice.BVSwiftDemo;
				PRODUCT_NAME = "$(TARGET_NAME)";
				SWIFT_VERSION = 5.0;
				TARGETED_DEVICE_FAMILY = "1,2";
			};
			name = Release;
		};
/* End XCBuildConfiguration section */

/* Begin XCConfigurationList section */
		42BC40DA2473BB4E00008434 /* Build configuration list for PBXProject "BVSwiftDemo" */ = {
			isa = XCConfigurationList;
			buildConfigurations = (
				42BC40F12473BB5100008434 /* Debug */,
				42BC40F22473BB5100008434 /* Release */,
				4295BD6E2476FE60002395CD /* Staging */,
				422B448524B317DF009225CC /* mock */,
			);
			defaultConfigurationIsVisible = 0;
			defaultConfigurationName = Release;
		};
		42BC40F32473BB5100008434 /* Build configuration list for PBXNativeTarget "BVSwiftDemo" */ = {
			isa = XCConfigurationList;
			buildConfigurations = (
				42BC40F42473BB5100008434 /* Debug */,
				42BC40F52473BB5100008434 /* Release */,
				4295BD6F2476FE60002395CD /* Staging */,
				422B448624B317DF009225CC /* mock */,
			);
			defaultConfigurationIsVisible = 0;
			defaultConfigurationName = Release;
		};
/* End XCConfigurationList section */
	};
	rootObject = 42BC40D72473BB4E00008434 /* Project object */;
}
