// !$*UTF8*$!
{
	archiveVersion = 1;
	classes = {
	};
	objectVersion = 50;
	objects = {

/* Begin PBXBuildFile section */
		42BC40E32473BB4E00008434 /* AppDelegate.swift in Sources */ = {isa = PBXBuildFile; fileRef = 42BC40E22473BB4E00008434 /* AppDelegate.swift */; };
		42BC40E52473BB4E00008434 /* SceneDelegate.swift in Sources */ = {isa = PBXBuildFile; fileRef = 42BC40E42473BB4E00008434 /* SceneDelegate.swift */; };
		42BC40E72473BB4E00008434 /* ViewController.swift in Sources */ = {isa = PBXBuildFile; fileRef = 42BC40E62473BB4E00008434 /* ViewController.swift */; };
		42BC40EA2473BB4E00008434 /* Main.storyboard in Resources */ = {isa = PBXBuildFile; fileRef = 42BC40E82473BB4E00008434 /* Main.storyboard */; };
		42BC40EC2473BB5100008434 /* Assets.xcassets in Resources */ = {isa = PBXBuildFile; fileRef = 42BC40EB2473BB5100008434 /* Assets.xcassets */; };
		42BC40EF2473BB5100008434 /* LaunchScreen.storyboard in Resources */ = {isa = PBXBuildFile; fileRef = 42BC40ED2473BB5100008434 /* LaunchScreen.storyboard */; };
/* End PBXBuildFile section */

/* Begin PBXFileReference section */
		42BC40DF2473BB4E00008434 /* BVSwiftDemo.app */ = {isa = PBXFileReference; explicitFileType = wrapper.application; includeInIndex = 0; path = BVSwiftDemo.app; sourceTree = BUILT_PRODUCTS_DIR; };
		42BC40E22473BB4E00008434 /* AppDelegate.swift */ = {isa = PBXFileReference; lastKnownFileType = sourcecode.swift; path = AppDelegate.swift; sourceTree = "<group>"; };
		42BC40E42473BB4E00008434 /* SceneDelegate.swift */ = {isa = PBXFileReference; lastKnownFileType = sourcecode.swift; path = SceneDelegate.swift; sourceTree = "<group>"; };
		42BC40E62473BB4E00008434 /* ViewController.swift */ = {isa = PBXFileReference; lastKnownFileType = sourcecode.swift; path = ViewController.swift; sourceTree = "<group>"; };
		42BC40E92473BB4E00008434 /* Base */ = {isa = PBXFileReference; lastKnownFileType = file.storyboard; name = Base; path = Base.lproj/Main.storyboard; sourceTree = "<group>"; };
		42BC40EB2473BB5100008434 /* Assets.xcassets */ = {isa = PBXFileReference; lastKnownFileType = folder.assetcatalog; path = Assets.xcassets; sourceTree = "<group>"; };
		42BC40EE2473BB5100008434 /* Base */ = {isa = PBXFileReference; lastKnownFileType = file.storyboard; name = Base; path = Base.lproj/LaunchScreen.storyboard; sourceTree = "<group>"; };
		42BC40F02473BB5100008434 /* Info.plist */ = {isa = PBXFileReference; lastKnownFileType = text.plist.xml; path = Info.plist; sourceTree = "<group>"; };
/* End PBXFileReference section */

/* Begin PBXFrameworksBuildPhase section */
		42BC40DC2473BB4E00008434 /* Frameworks */ = {
			isa = PBXFrameworksBuildPhase;
			buildActionMask = 2147483647;
			files = (
			);
			runOnlyForDeploymentPostprocessing = 0;
		};
/* End PBXFrameworksBuildPhase section */

/* Begin PBXGroup section */
		42BC40D62473BB4E00008434 = {
			isa = PBXGroup;
			children = (
				42BC40E12473BB4E00008434 /* BVSwiftDemo */,
				42BC40E02473BB4E00008434 /* Products */,
			);
			sourceTree = "<group>";
		};
		42BC40E02473BB4E00008434 /* Products */ = {
			isa = PBXGroup;
			children = (
				42BC40DF2473BB4E00008434 /* BVSwiftDemo.app */,
			);
			name = Products;
			sourceTree = "<group>";
		};
		42BC40E12473BB4E00008434 /* BVSwiftDemo */ = {
			isa = PBXGroup;
			children = (
				42BC40F02473BB5100008434 /* Info.plist */,
				42BC40E22473BB4E00008434 /* AppDelegate.swift */,
				42BC40E42473BB4E00008434 /* SceneDelegate.swift */,
				9FF7EB902473C096007FD337 /* ViewModels */,
				9FF7EB8F2473C089007FD337 /* ViewControllers */,
				9FF7EB932473C129007FD337 /* Models */,
				9FF7EB912473C0DC007FD337 /* Coordinators */,
				9FF7EB942473C16E007FD337 /* Storyboards */,
				9FF7EB952473C1AA007FD337 /* Resources */,
			);
			path = BVSwiftDemo;
			sourceTree = "<group>";
		};
		9FF7EB8F2473C089007FD337 /* ViewControllers */ = {
			isa = PBXGroup;
			children = (
				42BC40E62473BB4E00008434 /* ViewController.swift */,
			);
			path = ViewControllers;
			sourceTree = "<group>";
		};
		9FF7EB902473C096007FD337 /* ViewModels */ = {
			isa = PBXGroup;
			children = (
			);
			path = ViewModels;
			sourceTree = "<group>";
		};
		9FF7EB912473C0DC007FD337 /* Coordinators */ = {
			isa = PBXGroup;
			children = (
			);
			path = Coordinators;
			sourceTree = "<group>";
		};
		9FF7EB932473C129007FD337 /* Models */ = {
			isa = PBXGroup;
			children = (
			);
			path = Models;
			sourceTree = "<group>";
		};
		9FF7EB942473C16E007FD337 /* Storyboards */ = {
			isa = PBXGroup;
			children = (
				42BC40ED2473BB5100008434 /* LaunchScreen.storyboard */,
				42BC40E82473BB4E00008434 /* Main.storyboard */,
			);
			path = Storyboards;
			sourceTree = "<group>";
		};
		9FF7EB952473C1AA007FD337 /* Resources */ = {
			isa = PBXGroup;
			children = (
				42BC40EB2473BB5100008434 /* Assets.xcassets */,
			);
			path = Resources;
			sourceTree = "<group>";
		};
/* End PBXGroup section */

/* Begin PBXNativeTarget section */
		42BC40DE2473BB4E00008434 /* BVSwiftDemo */ = {
			isa = PBXNativeTarget;
			buildConfigurationList = 42BC40F32473BB5100008434 /* Build configuration list for PBXNativeTarget "BVSwiftDemo" */;
			buildPhases = (
				42BC40DB2473BB4E00008434 /* Sources */,
				42BC40DC2473BB4E00008434 /* Frameworks */,
				42BC40DD2473BB4E00008434 /* Resources */,
			);
			buildRules = (
			);
			dependencies = (
			);
			name = BVSwiftDemo;
			productName = BVSwiftDemo;
			productReference = 42BC40DF2473BB4E00008434 /* BVSwiftDemo.app */;
			productType = "com.apple.product-type.application";
		};
/* End PBXNativeTarget section */

/* Begin PBXProject section */
		42BC40D72473BB4E00008434 /* Project object */ = {
			isa = PBXProject;
			attributes = {
				LastSwiftUpdateCheck = 1130;
				LastUpgradeCheck = 1130;
				ORGANIZATIONNAME = Bazaarvoice;
				TargetAttributes = {
					42BC40DE2473BB4E00008434 = {
						CreatedOnToolsVersion = 11.3.1;
					};
				};
			};
			buildConfigurationList = 42BC40DA2473BB4E00008434 /* Build configuration list for PBXProject "BVSwiftDemo" */;
			compatibilityVersion = "Xcode 9.3";
			developmentRegion = en;
			hasScannedForEncodings = 0;
			knownRegions = (
				en,
				Base,
			);
			mainGroup = 42BC40D62473BB4E00008434;
			productRefGroup = 42BC40E02473BB4E00008434 /* Products */;
			projectDirPath = "";
			projectRoot = "";
			targets = (
				42BC40DE2473BB4E00008434 /* BVSwiftDemo */,
			);
		};
/* End PBXProject section */

/* Begin PBXResourcesBuildPhase section */
		42BC40DD2473BB4E00008434 /* Resources */ = {
			isa = PBXResourcesBuildPhase;
			buildActionMask = 2147483647;
			files = (
				42BC40EF2473BB5100008434 /* LaunchScreen.storyboard in Resources */,
				42BC40EC2473BB5100008434 /* Assets.xcassets in Resources */,
				42BC40EA2473BB4E00008434 /* Main.storyboard in Resources */,
			);
			runOnlyForDeploymentPostprocessing = 0;
		};
/* End PBXResourcesBuildPhase section */

/* Begin PBXSourcesBuildPhase section */
		42BC40DB2473BB4E00008434 /* Sources */ = {
			isa = PBXSourcesBuildPhase;
			buildActionMask = 2147483647;
			files = (
				42BC40E72473BB4E00008434 /* ViewController.swift in Sources */,
				42BC40E32473BB4E00008434 /* AppDelegate.swift in Sources */,
				42BC40E52473BB4E00008434 /* SceneDelegate.swift in Sources */,
			);
			runOnlyForDeploymentPostprocessing = 0;
		};
/* End PBXSourcesBuildPhase section */

/* Begin PBXVariantGroup section */
		42BC40E82473BB4E00008434 /* Main.storyboard */ = {
			isa = PBXVariantGroup;
			children = (
				42BC40E92473BB4E00008434 /* Base */,
			);
			name = Main.storyboard;
			sourceTree = "<group>";
		};
		42BC40ED2473BB5100008434 /* LaunchScreen.storyboard */ = {
			isa = PBXVariantGroup;
			children = (
				42BC40EE2473BB5100008434 /* Base */,
			);
			name = LaunchScreen.storyboard;
			sourceTree = "<group>";
		};
/* End PBXVariantGroup section */

/* Begin XCBuildConfiguration section */
		42BC40F12473BB5100008434 /* Debug */ = {
			isa = XCBuildConfiguration;
			buildSettings = {
				ALWAYS_SEARCH_USER_PATHS = NO;
				CLANG_ANALYZER_NONNULL = YES;
				CLANG_ANALYZER_NUMBER_OBJECT_CONVERSION = YES_AGGRESSIVE;
				CLANG_CXX_LANGUAGE_STANDARD = "gnu++14";
				CLANG_CXX_LIBRARY = "libc++";
				CLANG_ENABLE_MODULES = YES;
				CLANG_ENABLE_OBJC_ARC = YES;
				CLANG_ENABLE_OBJC_WEAK = YES;
				CLANG_WARN_BLOCK_CAPTURE_AUTORELEASING = YES;
				CLANG_WARN_BOOL_CONVERSION = YES;
				CLANG_WARN_COMMA = YES;
				CLANG_WARN_CONSTANT_CONVERSION = YES;
				CLANG_WARN_DEPRECATED_OBJC_IMPLEMENTATIONS = YES;
				CLANG_WARN_DIRECT_OBJC_ISA_USAGE = YES_ERROR;
				CLANG_WARN_DOCUMENTATION_COMMENTS = YES;
				CLANG_WARN_EMPTY_BODY = YES;
				CLANG_WARN_ENUM_CONVERSION = YES;
				CLANG_WARN_INFINITE_RECURSION = YES;
				CLANG_WARN_INT_CONVERSION = YES;
				CLANG_WARN_NON_LITERAL_NULL_CONVERSION = YES;
				CLANG_WARN_OBJC_IMPLICIT_RETAIN_SELF = YES;
				CLANG_WARN_OBJC_LITERAL_CONVERSION = YES;
				CLANG_WARN_OBJC_ROOT_CLASS = YES_ERROR;
				CLANG_WARN_RANGE_LOOP_ANALYSIS = YES;
				CLANG_WARN_STRICT_PROTOTYPES = YES;
				CLANG_WARN_SUSPICIOUS_MOVE = YES;
				CLANG_WARN_UNGUARDED_AVAILABILITY = YES_AGGRESSIVE;
				CLANG_WARN_UNREACHABLE_CODE = YES;
				CLANG_WARN__DUPLICATE_METHOD_MATCH = YES;
				COPY_PHASE_STRIP = NO;
				DEBUG_INFORMATION_FORMAT = dwarf;
				ENABLE_STRICT_OBJC_MSGSEND = YES;
				ENABLE_TESTABILITY = YES;
				GCC_C_LANGUAGE_STANDARD = gnu11;
				GCC_DYNAMIC_NO_PIC = NO;
				GCC_NO_COMMON_BLOCKS = YES;
				GCC_OPTIMIZATION_LEVEL = 0;
				GCC_PREPROCESSOR_DEFINITIONS = (
					"DEBUG=1",
					"$(inherited)",
				);
				GCC_WARN_64_TO_32_BIT_CONVERSION = YES;
				GCC_WARN_ABOUT_RETURN_TYPE = YES_ERROR;
				GCC_WARN_UNDECLARED_SELECTOR = YES;
				GCC_WARN_UNINITIALIZED_AUTOS = YES_AGGRESSIVE;
				GCC_WARN_UNUSED_FUNCTION = YES;
				GCC_WARN_UNUSED_VARIABLE = YES;
				IPHONEOS_DEPLOYMENT_TARGET = 13.2;
				MTL_ENABLE_DEBUG_INFO = INCLUDE_SOURCE;
				MTL_FAST_MATH = YES;
				ONLY_ACTIVE_ARCH = YES;
				SDKROOT = iphoneos;
				SWIFT_ACTIVE_COMPILATION_CONDITIONS = DEBUG;
				SWIFT_OPTIMIZATION_LEVEL = "-Onone";
			};
			name = Debug;
		};
		42BC40F22473BB5100008434 /* Release */ = {
			isa = XCBuildConfiguration;
			buildSettings = {
				ALWAYS_SEARCH_USER_PATHS = NO;
				CLANG_ANALYZER_NONNULL = YES;
				CLANG_ANALYZER_NUMBER_OBJECT_CONVERSION = YES_AGGRESSIVE;
				CLANG_CXX_LANGUAGE_STANDARD = "gnu++14";
				CLANG_CXX_LIBRARY = "libc++";
				CLANG_ENABLE_MODULES = YES;
				CLANG_ENABLE_OBJC_ARC = YES;
				CLANG_ENABLE_OBJC_WEAK = YES;
				CLANG_WARN_BLOCK_CAPTURE_AUTORELEASING = YES;
				CLANG_WARN_BOOL_CONVERSION = YES;
				CLANG_WARN_COMMA = YES;
				CLANG_WARN_CONSTANT_CONVERSION = YES;
				CLANG_WARN_DEPRECATED_OBJC_IMPLEMENTATIONS = YES;
				CLANG_WARN_DIRECT_OBJC_ISA_USAGE = YES_ERROR;
				CLANG_WARN_DOCUMENTATION_COMMENTS = YES;
				CLANG_WARN_EMPTY_BODY = YES;
				CLANG_WARN_ENUM_CONVERSION = YES;
				CLANG_WARN_INFINITE_RECURSION = YES;
				CLANG_WARN_INT_CONVERSION = YES;
				CLANG_WARN_NON_LITERAL_NULL_CONVERSION = YES;
				CLANG_WARN_OBJC_IMPLICIT_RETAIN_SELF = YES;
				CLANG_WARN_OBJC_LITERAL_CONVERSION = YES;
				CLANG_WARN_OBJC_ROOT_CLASS = YES_ERROR;
				CLANG_WARN_RANGE_LOOP_ANALYSIS = YES;
				CLANG_WARN_STRICT_PROTOTYPES = YES;
				CLANG_WARN_SUSPICIOUS_MOVE = YES;
				CLANG_WARN_UNGUARDED_AVAILABILITY = YES_AGGRESSIVE;
				CLANG_WARN_UNREACHABLE_CODE = YES;
				CLANG_WARN__DUPLICATE_METHOD_MATCH = YES;
				COPY_PHASE_STRIP = NO;
				DEBUG_INFORMATION_FORMAT = "dwarf-with-dsym";
				ENABLE_NS_ASSERTIONS = NO;
				ENABLE_STRICT_OBJC_MSGSEND = YES;
				GCC_C_LANGUAGE_STANDARD = gnu11;
				GCC_NO_COMMON_BLOCKS = YES;
				GCC_WARN_64_TO_32_BIT_CONVERSION = YES;
				GCC_WARN_ABOUT_RETURN_TYPE = YES_ERROR;
				GCC_WARN_UNDECLARED_SELECTOR = YES;
				GCC_WARN_UNINITIALIZED_AUTOS = YES_AGGRESSIVE;
				GCC_WARN_UNUSED_FUNCTION = YES;
				GCC_WARN_UNUSED_VARIABLE = YES;
				IPHONEOS_DEPLOYMENT_TARGET = 13.2;
				MTL_ENABLE_DEBUG_INFO = NO;
				MTL_FAST_MATH = YES;
				SDKROOT = iphoneos;
				SWIFT_COMPILATION_MODE = wholemodule;
				SWIFT_OPTIMIZATION_LEVEL = "-O";
				VALIDATE_PRODUCT = YES;
			};
			name = Release;
		};
		42BC40F42473BB5100008434 /* Debug */ = {
			isa = XCBuildConfiguration;
			buildSettings = {
				ASSETCATALOG_COMPILER_APPICON_NAME = AppIcon;
				CODE_SIGN_STYLE = Automatic;
				INFOPLIST_FILE = BVSwiftDemo/Info.plist;
				LD_RUNPATH_SEARCH_PATHS = (
					"$(inherited)",
					"@executable_path/Frameworks",
				);
				PRODUCT_BUNDLE_IDENTIFIER = com.bazaarvoice.BVSwiftDemo;
				PRODUCT_NAME = "$(TARGET_NAME)";
				SWIFT_VERSION = 5.0;
				TARGETED_DEVICE_FAMILY = "1,2";
			};
			name = Debug;
		};
		42BC40F52473BB5100008434 /* Release */ = {
			isa = XCBuildConfiguration;
			buildSettings = {
				ASSETCATALOG_COMPILER_APPICON_NAME = AppIcon;
				CODE_SIGN_STYLE = Automatic;
				INFOPLIST_FILE = BVSwiftDemo/Info.plist;
				LD_RUNPATH_SEARCH_PATHS = (
					"$(inherited)",
					"@executable_path/Frameworks",
				);
				PRODUCT_BUNDLE_IDENTIFIER = com.bazaarvoice.BVSwiftDemo;
				PRODUCT_NAME = "$(TARGET_NAME)";
				SWIFT_VERSION = 5.0;
				TARGETED_DEVICE_FAMILY = "1,2";
			};
			name = Release;
		};
/* End XCBuildConfiguration section */

/* Begin XCConfigurationList section */
		42BC40DA2473BB4E00008434 /* Build configuration list for PBXProject "BVSwiftDemo" */ = {
			isa = XCConfigurationList;
			buildConfigurations = (
				42BC40F12473BB5100008434 /* Debug */,
				42BC40F22473BB5100008434 /* Release */,
			);
			defaultConfigurationIsVisible = 0;
			defaultConfigurationName = Release;
		};
		42BC40F32473BB5100008434 /* Build configuration list for PBXNativeTarget "BVSwiftDemo" */ = {
			isa = XCConfigurationList;
			buildConfigurations = (
				42BC40F42473BB5100008434 /* Debug */,
				42BC40F52473BB5100008434 /* Release */,
			);
			defaultConfigurationIsVisible = 0;
			defaultConfigurationName = Release;
		};
/* End XCConfigurationList section */
	};
	rootObject = 42BC40D72473BB4E00008434 /* Project object */;
}
