// !$*UTF8*$!
{
	archiveVersion = 1;
	classes = {
	};
	objectVersion = 51;
	objects = {

/* Begin PBXBuildFile section */
		428E6FA32476C9B200086D1A /* Config.swift in Sources */ = {isa = PBXBuildFile; fileRef = 428E6FA22476C9B100086D1A /* Config.swift */; };
		42BC40E32473BB4E00008434 /* AppDelegate.swift in Sources */ = {isa = PBXBuildFile; fileRef = 42BC40E22473BB4E00008434 /* AppDelegate.swift */; };
		42BC40E72473BB4E00008434 /* HomeViewController.swift in Sources */ = {isa = PBXBuildFile; fileRef = 42BC40E62473BB4E00008434 /* HomeViewController.swift */; };
		42BC40EA2473BB4E00008434 /* Main.storyboard in Resources */ = {isa = PBXBuildFile; fileRef = 42BC40E82473BB4E00008434 /* Main.storyboard */; };
		42BC40EC2473BB5100008434 /* Assets.xcassets in Resources */ = {isa = PBXBuildFile; fileRef = 42BC40EB2473BB5100008434 /* Assets.xcassets */; };
		42BC40EF2473BB5100008434 /* LaunchScreen.storyboard in Resources */ = {isa = PBXBuildFile; fileRef = 42BC40ED2473BB5100008434 /* LaunchScreen.storyboard */; };
		74408BAB723D0BE446FEC273 /* Pods_BVSwiftDemo.framework in Frameworks */ = {isa = PBXBuildFile; fileRef = A417D650407251B9FF79AE8A /* Pods_BVSwiftDemo.framework */; };
		9F1628862473F54600959C78 /* HomeViewModel.swift in Sources */ = {isa = PBXBuildFile; fileRef = 9F1628852473F54600959C78 /* HomeViewModel.swift */; };
		9FA6597F2474EDCE00D9498F /* ConversationsAPIListViewController.swift in Sources */ = {isa = PBXBuildFile; fileRef = 9FA6597E2474EDCE00D9498F /* ConversationsAPIListViewController.swift */; };
		9FA659812474EDE600D9498F /* ConversationsAPIListViewModel.swift in Sources */ = {isa = PBXBuildFile; fileRef = 9FA659802474EDE600D9498F /* ConversationsAPIListViewModel.swift */; };
		9FA659832474F37D00D9498F /* BVSwiftDemoNavigationController.swift in Sources */ = {isa = PBXBuildFile; fileRef = 9FA659822474F37D00D9498F /* BVSwiftDemoNavigationController.swift */; };
		9FA659852474F48600D9498F /* Utils.swift in Sources */ = {isa = PBXBuildFile; fileRef = 9FA659842474F48600D9498F /* Utils.swift */; };
		9FA6598724750ED800D9498F /* ViewControllerModelable.swift in Sources */ = {isa = PBXBuildFile; fileRef = 9FA6598624750ED800D9498F /* ViewControllerModelable.swift */; };
		9FA6598A247513A900D9498F /* ViewModelCoordinated.swift in Sources */ = {isa = PBXBuildFile; fileRef = 9FA65989247513A900D9498F /* ViewModelCoordinated.swift */; };
		9FA6598C247513C900D9498F /* ViewModelControllerDelegate.swift in Sources */ = {isa = PBXBuildFile; fileRef = 9FA6598B247513C900D9498F /* ViewModelControllerDelegate.swift */; };
		9FA6598E2475278600D9498F /* ConversationsCoordinator.swift in Sources */ = {isa = PBXBuildFile; fileRef = 9FA6598D2475278600D9498F /* ConversationsCoordinator.swift */; };
		9FF7EB972473C2B0007FD337 /* Coordinator.swift in Sources */ = {isa = PBXBuildFile; fileRef = 9FF7EB962473C2B0007FD337 /* Coordinator.swift */; };
		9FF7EB992473C346007FD337 /* AppCoordinator.swift in Sources */ = {isa = PBXBuildFile; fileRef = 9FF7EB982473C346007FD337 /* AppCoordinator.swift */; };
		9FF7EB9D2473DA11007FD337 /* Storyboarded.swift in Sources */ = {isa = PBXBuildFile; fileRef = 9FF7EB9C2473DA11007FD337 /* Storyboarded.swift */; };
/* End PBXBuildFile section */

/* Begin PBXFileReference section */
		1A05BDCF7D654BF89CC5FC00 /* Pods-BVSwiftDemo.release.xcconfig */ = {isa = PBXFileReference; includeInIndex = 1; lastKnownFileType = text.xcconfig; name = "Pods-BVSwiftDemo.release.xcconfig"; path = "Target Support Files/Pods-BVSwiftDemo/Pods-BVSwiftDemo.release.xcconfig"; sourceTree = "<group>"; };
		428E6FA22476C9B100086D1A /* Config.swift */ = {isa = PBXFileReference; lastKnownFileType = sourcecode.swift; path = Config.swift; sourceTree = "<group>"; };
		42BC40DF2473BB4E00008434 /* BVSwiftDemo.app */ = {isa = PBXFileReference; explicitFileType = wrapper.application; includeInIndex = 0; path = BVSwiftDemo.app; sourceTree = BUILT_PRODUCTS_DIR; };
		42BC40E22473BB4E00008434 /* AppDelegate.swift */ = {isa = PBXFileReference; lastKnownFileType = sourcecode.swift; path = AppDelegate.swift; sourceTree = "<group>"; };
		42BC40E62473BB4E00008434 /* HomeViewController.swift */ = {isa = PBXFileReference; lastKnownFileType = sourcecode.swift; path = HomeViewController.swift; sourceTree = "<group>"; };
		42BC40E92473BB4E00008434 /* Base */ = {isa = PBXFileReference; lastKnownFileType = file.storyboard; name = Base; path = Base.lproj/Main.storyboard; sourceTree = "<group>"; };
		42BC40EB2473BB5100008434 /* Assets.xcassets */ = {isa = PBXFileReference; lastKnownFileType = folder.assetcatalog; path = Assets.xcassets; sourceTree = "<group>"; };
		42BC40EE2473BB5100008434 /* Base */ = {isa = PBXFileReference; lastKnownFileType = file.storyboard; name = Base; path = Base.lproj/LaunchScreen.storyboard; sourceTree = "<group>"; };
		42BC40F02473BB5100008434 /* Info.plist */ = {isa = PBXFileReference; lastKnownFileType = text.plist.xml; path = Info.plist; sourceTree = "<group>"; };
		699334E2CF660A41F330A31F /* Pods-BVSwiftDemo.debug.xcconfig */ = {isa = PBXFileReference; includeInIndex = 1; lastKnownFileType = text.xcconfig; name = "Pods-BVSwiftDemo.debug.xcconfig"; path = "Target Support Files/Pods-BVSwiftDemo/Pods-BVSwiftDemo.debug.xcconfig"; sourceTree = "<group>"; };
		9F1628852473F54600959C78 /* HomeViewModel.swift */ = {isa = PBXFileReference; lastKnownFileType = sourcecode.swift; path = HomeViewModel.swift; sourceTree = "<group>"; };
		9FA6597E2474EDCE00D9498F /* ConversationsAPIListViewController.swift */ = {isa = PBXFileReference; lastKnownFileType = sourcecode.swift; path = ConversationsAPIListViewController.swift; sourceTree = "<group>"; };
		9FA659802474EDE600D9498F /* ConversationsAPIListViewModel.swift */ = {isa = PBXFileReference; lastKnownFileType = sourcecode.swift; path = ConversationsAPIListViewModel.swift; sourceTree = "<group>"; };
		9FA659822474F37D00D9498F /* BVSwiftDemoNavigationController.swift */ = {isa = PBXFileReference; lastKnownFileType = sourcecode.swift; path = BVSwiftDemoNavigationController.swift; sourceTree = "<group>"; };
		9FA659842474F48600D9498F /* Utils.swift */ = {isa = PBXFileReference; lastKnownFileType = sourcecode.swift; path = Utils.swift; sourceTree = "<group>"; };
		9FA6598624750ED800D9498F /* ViewControllerModelable.swift */ = {isa = PBXFileReference; lastKnownFileType = sourcecode.swift; path = ViewControllerModelable.swift; sourceTree = "<group>"; };
		9FA65989247513A900D9498F /* ViewModelCoordinated.swift */ = {isa = PBXFileReference; lastKnownFileType = sourcecode.swift; path = ViewModelCoordinated.swift; sourceTree = "<group>"; };
		9FA6598B247513C900D9498F /* ViewModelControllerDelegate.swift */ = {isa = PBXFileReference; lastKnownFileType = sourcecode.swift; path = ViewModelControllerDelegate.swift; sourceTree = "<group>"; };
		9FA6598D2475278600D9498F /* ConversationsCoordinator.swift */ = {isa = PBXFileReference; lastKnownFileType = sourcecode.swift; path = ConversationsCoordinator.swift; sourceTree = "<group>"; };
		9FF7EB962473C2B0007FD337 /* Coordinator.swift */ = {isa = PBXFileReference; lastKnownFileType = sourcecode.swift; path = Coordinator.swift; sourceTree = "<group>"; };
		9FF7EB982473C346007FD337 /* AppCoordinator.swift */ = {isa = PBXFileReference; lastKnownFileType = sourcecode.swift; path = AppCoordinator.swift; sourceTree = "<group>"; };
		9FF7EB9C2473DA11007FD337 /* Storyboarded.swift */ = {isa = PBXFileReference; lastKnownFileType = sourcecode.swift; path = Storyboarded.swift; sourceTree = "<group>"; };
		A417D650407251B9FF79AE8A /* Pods_BVSwiftDemo.framework */ = {isa = PBXFileReference; explicitFileType = wrapper.framework; includeInIndex = 0; path = Pods_BVSwiftDemo.framework; sourceTree = BUILT_PRODUCTS_DIR; };
/* End PBXFileReference section */

/* Begin PBXFrameworksBuildPhase section */
		42BC40DC2473BB4E00008434 /* Frameworks */ = {
			isa = PBXFrameworksBuildPhase;
			buildActionMask = 2147483647;
			files = (
				74408BAB723D0BE446FEC273 /* Pods_BVSwiftDemo.framework in Frameworks */,
			);
			runOnlyForDeploymentPostprocessing = 0;
		};
/* End PBXFrameworksBuildPhase section */

/* Begin PBXGroup section */
		23D4F55752B8A773EFAA63B1 /* Pods */ = {
			isa = PBXGroup;
			children = (
				699334E2CF660A41F330A31F /* Pods-BVSwiftDemo.debug.xcconfig */,
				1A05BDCF7D654BF89CC5FC00 /* Pods-BVSwiftDemo.release.xcconfig */,
			);
			path = Pods;
			sourceTree = "<group>";
		};
		428E6FA12476C8D100086D1A /* Scheme Configuration */ = {
			isa = PBXGroup;
			children = (
				428E6FA22476C9B100086D1A /* Config.swift */,
			);
			path = "Scheme Configuration";
			sourceTree = "<group>";
		};
		42BC40D62473BB4E00008434 = {
			isa = PBXGroup;
			children = (
				42BC40E12473BB4E00008434 /* BVSwiftDemo */,
				42BC40E02473BB4E00008434 /* Products */,
				23D4F55752B8A773EFAA63B1 /* Pods */,
				5B208956F2937CE43ED7B38C /* Frameworks */,
			);
			sourceTree = "<group>";
		};
		42BC40E02473BB4E00008434 /* Products */ = {
			isa = PBXGroup;
			children = (
				42BC40DF2473BB4E00008434 /* BVSwiftDemo.app */,
			);
			name = Products;
			sourceTree = "<group>";
		};
		42BC40E12473BB4E00008434 /* BVSwiftDemo */ = {
			isa = PBXGroup;
			children = (
				428E6FA12476C8D100086D1A /* Scheme Configuration */,
				42BC40F02473BB5100008434 /* Info.plist */,
				42BC40E22473BB4E00008434 /* AppDelegate.swift */,
				9FF7EB902473C096007FD337 /* ViewModels */,
				9FF7EB8F2473C089007FD337 /* ViewControllers */,
				9FF7EB932473C129007FD337 /* Models */,
				9FF7EB912473C0DC007FD337 /* Coordinators */,
				9FF7EB9A2473D9D4007FD337 /* Managers */,
				9FF7EB942473C16E007FD337 /* Storyboards */,
				9FF7EB952473C1AA007FD337 /* Resources */,
				9FA659842474F48600D9498F /* Utils.swift */,
			);
			path = BVSwiftDemo;
			sourceTree = "<group>";
		};
		5B208956F2937CE43ED7B38C /* Frameworks */ = {
			isa = PBXGroup;
			children = (
				A417D650407251B9FF79AE8A /* Pods_BVSwiftDemo.framework */,
			);
			name = Frameworks;
			sourceTree = "<group>";
		};
		9FA659882475139000D9498F /* Protocols */ = {
			isa = PBXGroup;
			children = (
				9FA65989247513A900D9498F /* ViewModelCoordinated.swift */,
				9FA6598B247513C900D9498F /* ViewModelControllerDelegate.swift */,
			);
			path = Protocols;
			sourceTree = "<group>";
		};
		9FF7EB8F2473C089007FD337 /* ViewControllers */ = {
			isa = PBXGroup;
			children = (
				9FF7EB9B2473D9FF007FD337 /* Protocols */,
				9FA659822474F37D00D9498F /* BVSwiftDemoNavigationController.swift */,
				9FA6597E2474EDCE00D9498F /* ConversationsAPIListViewController.swift */,
				42BC40E62473BB4E00008434 /* HomeViewController.swift */,
			);
			path = ViewControllers;
			sourceTree = "<group>";
		};
		9FF7EB902473C096007FD337 /* ViewModels */ = {
			isa = PBXGroup;
			children = (
				9FA659882475139000D9498F /* Protocols */,
				9F1628852473F54600959C78 /* HomeViewModel.swift */,
				9FA659802474EDE600D9498F /* ConversationsAPIListViewModel.swift */,
			);
			path = ViewModels;
			sourceTree = "<group>";
		};
		9FF7EB912473C0DC007FD337 /* Coordinators */ = {
			isa = PBXGroup;
			children = (
				9FF7EB962473C2B0007FD337 /* Coordinator.swift */,
				9FF7EB982473C346007FD337 /* AppCoordinator.swift */,
				9FA6598D2475278600D9498F /* ConversationsCoordinator.swift */,
			);
			path = Coordinators;
			sourceTree = "<group>";
		};
		9FF7EB932473C129007FD337 /* Models */ = {
			isa = PBXGroup;
			children = (
			);
			path = Models;
			sourceTree = "<group>";
		};
		9FF7EB942473C16E007FD337 /* Storyboards */ = {
			isa = PBXGroup;
			children = (
				42BC40ED2473BB5100008434 /* LaunchScreen.storyboard */,
				42BC40E82473BB4E00008434 /* Main.storyboard */,
			);
			path = Storyboards;
			sourceTree = "<group>";
		};
		9FF7EB952473C1AA007FD337 /* Resources */ = {
			isa = PBXGroup;
			children = (
				42BC40EB2473BB5100008434 /* Assets.xcassets */,
			);
			path = Resources;
			sourceTree = "<group>";
		};
		9FF7EB9A2473D9D4007FD337 /* Managers */ = {
			isa = PBXGroup;
			children = (
			);
			path = Managers;
			sourceTree = "<group>";
		};
		9FF7EB9B2473D9FF007FD337 /* Protocols */ = {
			isa = PBXGroup;
			children = (
				9FF7EB9C2473DA11007FD337 /* Storyboarded.swift */,
				9FA6598624750ED800D9498F /* ViewControllerModelable.swift */,
			);
			path = Protocols;
			sourceTree = "<group>";
		};
/* End PBXGroup section */

/* Begin PBXNativeTarget section */
		42BC40DE2473BB4E00008434 /* BVSwiftDemo */ = {
			isa = PBXNativeTarget;
			buildConfigurationList = 42BC40F32473BB5100008434 /* Build configuration list for PBXNativeTarget "BVSwiftDemo" */;
			buildPhases = (
				900B555F69E5635780E4775A /* [CP] Check Pods Manifest.lock */,
				42BC40DB2473BB4E00008434 /* Sources */,
				42BC40DC2473BB4E00008434 /* Frameworks */,
				42BC40DD2473BB4E00008434 /* Resources */,
				7BE978BF3CCBF67239465CAB /* [CP] Embed Pods Frameworks */,
			);
			buildRules = (
			);
			dependencies = (
			);
			name = BVSwiftDemo;
			productName = BVSwiftDemo;
			productReference = 42BC40DF2473BB4E00008434 /* BVSwiftDemo.app */;
			productType = "com.apple.product-type.application";
		};
/* End PBXNativeTarget section */

/* Begin PBXProject section */
		42BC40D72473BB4E00008434 /* Project object */ = {
			isa = PBXProject;
			attributes = {
				LastSwiftUpdateCheck = 1130;
				LastUpgradeCheck = 1130;
				ORGANIZATIONNAME = Bazaarvoice;
				TargetAttributes = {
					42BC40DE2473BB4E00008434 = {
						CreatedOnToolsVersion = 11.3.1;
					};
				};
			};
			buildConfigurationList = 42BC40DA2473BB4E00008434 /* Build configuration list for PBXProject "BVSwiftDemo" */;
			compatibilityVersion = "Xcode 9.3";
			developmentRegion = en;
			hasScannedForEncodings = 0;
			knownRegions = (
				en,
				Base,
			);
			mainGroup = 42BC40D62473BB4E00008434;
			productRefGroup = 42BC40E02473BB4E00008434 /* Products */;
			projectDirPath = "";
			projectRoot = "";
			targets = (
				42BC40DE2473BB4E00008434 /* BVSwiftDemo */,
			);
		};
/* End PBXProject section */

/* Begin PBXResourcesBuildPhase section */
		42BC40DD2473BB4E00008434 /* Resources */ = {
			isa = PBXResourcesBuildPhase;
			buildActionMask = 2147483647;
			files = (
				42BC40EF2473BB5100008434 /* LaunchScreen.storyboard in Resources */,
				42BC40EC2473BB5100008434 /* Assets.xcassets in Resources */,
				42BC40EA2473BB4E00008434 /* Main.storyboard in Resources */,
			);
			runOnlyForDeploymentPostprocessing = 0;
		};
/* End PBXResourcesBuildPhase section */

/* Begin PBXShellScriptBuildPhase section */
		7BE978BF3CCBF67239465CAB /* [CP] Embed Pods Frameworks */ = {
			isa = PBXShellScriptBuildPhase;
			buildActionMask = 2147483647;
			files = (
			);
			inputFileListPaths = (
				"${PODS_ROOT}/Target Support Files/Pods-BVSwiftDemo/Pods-BVSwiftDemo-frameworks-${CONFIGURATION}-input-files.xcfilelist",
			);
			name = "[CP] Embed Pods Frameworks";
			outputFileListPaths = (
				"${PODS_ROOT}/Target Support Files/Pods-BVSwiftDemo/Pods-BVSwiftDemo-frameworks-${CONFIGURATION}-output-files.xcfilelist",
			);
			runOnlyForDeploymentPostprocessing = 0;
			shellPath = /bin/sh;
			shellScript = "\"${PODS_ROOT}/Target Support Files/Pods-BVSwiftDemo/Pods-BVSwiftDemo-frameworks.sh\"\n";
			showEnvVarsInLog = 0;
		};
		900B555F69E5635780E4775A /* [CP] Check Pods Manifest.lock */ = {
			isa = PBXShellScriptBuildPhase;
			buildActionMask = 2147483647;
			files = (
			);
			inputFileListPaths = (
			);
			inputPaths = (
				"${PODS_PODFILE_DIR_PATH}/Podfile.lock",
				"${PODS_ROOT}/Manifest.lock",
			);
			name = "[CP] Check Pods Manifest.lock";
			outputFileListPaths = (
			);
			outputPaths = (
				"$(DERIVED_FILE_DIR)/Pods-BVSwiftDemo-checkManifestLockResult.txt",
			);
			runOnlyForDeploymentPostprocessing = 0;
			shellPath = /bin/sh;
			shellScript = "diff \"${PODS_PODFILE_DIR_PATH}/Podfile.lock\" \"${PODS_ROOT}/Manifest.lock\" > /dev/null\nif [ $? != 0 ] ; then\n    # print error to STDERR\n    echo \"error: The sandbox is not in sync with the Podfile.lock. Run 'pod install' or update your CocoaPods installation.\" >&2\n    exit 1\nfi\n# This output is used by Xcode 'outputs' to avoid re-running this script phase.\necho \"SUCCESS\" > \"${SCRIPT_OUTPUT_FILE_0}\"\n";
			showEnvVarsInLog = 0;
		};
/* End PBXShellScriptBuildPhase section */

/* Begin PBXSourcesBuildPhase section */
		42BC40DB2473BB4E00008434 /* Sources */ = {
			isa = PBXSourcesBuildPhase;
			buildActionMask = 2147483647;
			files = (
				9FA659832474F37D00D9498F /* BVSwiftDemoNavigationController.swift in Sources */,
				9FF7EB972473C2B0007FD337 /* Coordinator.swift in Sources */,
				428E6FA32476C9B200086D1A /* Config.swift in Sources */,
				9F1628862473F54600959C78 /* HomeViewModel.swift in Sources */,
				42BC40E72473BB4E00008434 /* HomeViewController.swift in Sources */,
				9FA6597F2474EDCE00D9498F /* ConversationsAPIListViewController.swift in Sources */,
				9FA659852474F48600D9498F /* Utils.swift in Sources */,
				9FF7EB992473C346007FD337 /* AppCoordinator.swift in Sources */,
				42BC40E32473BB4E00008434 /* AppDelegate.swift in Sources */,
				9FA6598C247513C900D9498F /* ViewModelControllerDelegate.swift in Sources */,
				9FA659812474EDE600D9498F /* ConversationsAPIListViewModel.swift in Sources */,
				9FA6598A247513A900D9498F /* ViewModelCoordinated.swift in Sources */,
				9FA6598724750ED800D9498F /* ViewControllerModelable.swift in Sources */,
				9FF7EB9D2473DA11007FD337 /* Storyboarded.swift in Sources */,
				9FA6598E2475278600D9498F /* ConversationsCoordinator.swift in Sources */,
			);
			runOnlyForDeploymentPostprocessing = 0;
		};
/* End PBXSourcesBuildPhase section */

/* Begin PBXVariantGroup section */
		42BC40E82473BB4E00008434 /* Main.storyboard */ = {
			isa = PBXVariantGroup;
			children = (
				42BC40E92473BB4E00008434 /* Base */,
			);
			name = Main.storyboard;
			sourceTree = "<group>";
		};
		42BC40ED2473BB5100008434 /* LaunchScreen.storyboard */ = {
			isa = PBXVariantGroup;
			children = (
				42BC40EE2473BB5100008434 /* Base */,
			);
			name = LaunchScreen.storyboard;
			sourceTree = "<group>";
		};
/* End PBXVariantGroup section */

/* Begin XCBuildConfiguration section */
		428E6F9F2476C80C00086D1A /* Staging */ = {
			isa = XCBuildConfiguration;
			buildSettings = {
				ALWAYS_SEARCH_USER_PATHS = NO;
				CLANG_ANALYZER_NONNULL = YES;
				CLANG_ANALYZER_NUMBER_OBJECT_CONVERSION = YES_AGGRESSIVE;
				CLANG_CXX_LANGUAGE_STANDARD = "gnu++14";
				CLANG_CXX_LIBRARY = "libc++";
				CLANG_ENABLE_MODULES = YES;
				CLANG_ENABLE_OBJC_ARC = YES;
				CLANG_ENABLE_OBJC_WEAK = YES;
				CLANG_WARN_BLOCK_CAPTURE_AUTORELEASING = YES;
				CLANG_WARN_BOOL_CONVERSION = YES;
				CLANG_WARN_COMMA = YES;
				CLANG_WARN_CONSTANT_CONVERSION = YES;
				CLANG_WARN_DEPRECATED_OBJC_IMPLEMENTATIONS = YES;
				CLANG_WARN_DIRECT_OBJC_ISA_USAGE = YES_ERROR;
				CLANG_WARN_DOCUMENTATION_COMMENTS = YES;
				CLANG_WARN_EMPTY_BODY = YES;
				CLANG_WARN_ENUM_CONVERSION = YES;
				CLANG_WARN_INFINITE_RECURSION = YES;
				CLANG_WARN_INT_CONVERSION = YES;
				CLANG_WARN_NON_LITERAL_NULL_CONVERSION = YES;
				CLANG_WARN_OBJC_IMPLICIT_RETAIN_SELF = YES;
				CLANG_WARN_OBJC_LITERAL_CONVERSION = YES;
				CLANG_WARN_OBJC_ROOT_CLASS = YES_ERROR;
				CLANG_WARN_RANGE_LOOP_ANALYSIS = YES;
				CLANG_WARN_STRICT_PROTOTYPES = YES;
				CLANG_WARN_SUSPICIOUS_MOVE = YES;
				CLANG_WARN_UNGUARDED_AVAILABILITY = YES_AGGRESSIVE;
				CLANG_WARN_UNREACHABLE_CODE = YES;
				CLANG_WARN__DUPLICATE_METHOD_MATCH = YES;
				COPY_PHASE_STRIP = NO;
				DEBUG_INFORMATION_FORMAT = dwarf;
				ENABLE_STRICT_OBJC_MSGSEND = YES;
				ENABLE_TESTABILITY = YES;
				GCC_C_LANGUAGE_STANDARD = gnu11;
				GCC_DYNAMIC_NO_PIC = NO;
				GCC_NO_COMMON_BLOCKS = YES;
				GCC_OPTIMIZATION_LEVEL = 0;
				GCC_PREPROCESSOR_DEFINITIONS = (
					"DEBUG=1",
					"$(inherited)",
				);
				GCC_WARN_64_TO_32_BIT_CONVERSION = YES;
				GCC_WARN_ABOUT_RETURN_TYPE = YES_ERROR;
				GCC_WARN_UNDECLARED_SELECTOR = YES;
				GCC_WARN_UNINITIALIZED_AUTOS = YES_AGGRESSIVE;
				GCC_WARN_UNUSED_FUNCTION = YES;
				GCC_WARN_UNUSED_VARIABLE = YES;
				IPHONEOS_DEPLOYMENT_TARGET = 13.2;
				MTL_ENABLE_DEBUG_INFO = INCLUDE_SOURCE;
				MTL_FAST_MATH = YES;
				ONLY_ACTIVE_ARCH = YES;
				SDKROOT = iphoneos;
				SWIFT_ACTIVE_COMPILATION_CONDITIONS = DEBUG;
				SWIFT_OPTIMIZATION_LEVEL = "-Onone";
			};
			name = Staging;
		};
		428E6FA02476C80C00086D1A /* Staging */ = {
			isa = XCBuildConfiguration;
			baseConfigurationReference = 699334E2CF660A41F330A31F /* Pods-BVSwiftDemo.debug.xcconfig */;
			buildSettings = {
				ASSETCATALOG_COMPILER_APPICON_NAME = AppIcon;
				CODE_SIGN_STYLE = Automatic;
				INFOPLIST_FILE = BVSwiftDemo/Info.plist;
				IPHONEOS_DEPLOYMENT_TARGET = 13.2;
				LD_RUNPATH_SEARCH_PATHS = (
					"$(inherited)",
					"@executable_path/Frameworks",
				);
				PRODUCT_BUNDLE_IDENTIFIER = com.bazaarvoice.BVSwiftDemo;
				PRODUCT_NAME = "$(TARGET_NAME)";
				SWIFT_VERSION = 5.0;
				TARGETED_DEVICE_FAMILY = "1,2";
			};
			name = Staging;
		};
		42BC40F12473BB5100008434 /* Debug */ = {
			isa = XCBuildConfiguration;
			buildSettings = {
				ALWAYS_SEARCH_USER_PATHS = NO;
				CLANG_ANALYZER_NONNULL = YES;
				CLANG_ANALYZER_NUMBER_OBJECT_CONVERSION = YES_AGGRESSIVE;
				CLANG_CXX_LANGUAGE_STANDARD = "gnu++14";
				CLANG_CXX_LIBRARY = "libc++";
				CLANG_ENABLE_MODULES = YES;
				CLANG_ENABLE_OBJC_ARC = YES;
				CLANG_ENABLE_OBJC_WEAK = YES;
				CLANG_WARN_BLOCK_CAPTURE_AUTORELEASING = YES;
				CLANG_WARN_BOOL_CONVERSION = YES;
				CLANG_WARN_COMMA = YES;
				CLANG_WARN_CONSTANT_CONVERSION = YES;
				CLANG_WARN_DEPRECATED_OBJC_IMPLEMENTATIONS = YES;
				CLANG_WARN_DIRECT_OBJC_ISA_USAGE = YES_ERROR;
				CLANG_WARN_DOCUMENTATION_COMMENTS = YES;
				CLANG_WARN_EMPTY_BODY = YES;
				CLANG_WARN_ENUM_CONVERSION = YES;
				CLANG_WARN_INFINITE_RECURSION = YES;
				CLANG_WARN_INT_CONVERSION = YES;
				CLANG_WARN_NON_LITERAL_NULL_CONVERSION = YES;
				CLANG_WARN_OBJC_IMPLICIT_RETAIN_SELF = YES;
				CLANG_WARN_OBJC_LITERAL_CONVERSION = YES;
				CLANG_WARN_OBJC_ROOT_CLASS = YES_ERROR;
				CLANG_WARN_RANGE_LOOP_ANALYSIS = YES;
				CLANG_WARN_STRICT_PROTOTYPES = YES;
				CLANG_WARN_SUSPICIOUS_MOVE = YES;
				CLANG_WARN_UNGUARDED_AVAILABILITY = YES_AGGRESSIVE;
				CLANG_WARN_UNREACHABLE_CODE = YES;
				CLANG_WARN__DUPLICATE_METHOD_MATCH = YES;
				COPY_PHASE_STRIP = NO;
				DEBUG_INFORMATION_FORMAT = dwarf;
				ENABLE_STRICT_OBJC_MSGSEND = YES;
				ENABLE_TESTABILITY = YES;
				GCC_C_LANGUAGE_STANDARD = gnu11;
				GCC_DYNAMIC_NO_PIC = NO;
				GCC_NO_COMMON_BLOCKS = YES;
				GCC_OPTIMIZATION_LEVEL = 0;
				GCC_PREPROCESSOR_DEFINITIONS = (
					"DEBUG=1",
					"$(inherited)",
				);
				GCC_WARN_64_TO_32_BIT_CONVERSION = YES;
				GCC_WARN_ABOUT_RETURN_TYPE = YES_ERROR;
				GCC_WARN_UNDECLARED_SELECTOR = YES;
				GCC_WARN_UNINITIALIZED_AUTOS = YES_AGGRESSIVE;
				GCC_WARN_UNUSED_FUNCTION = YES;
				GCC_WARN_UNUSED_VARIABLE = YES;
				IPHONEOS_DEPLOYMENT_TARGET = 13.2;
				MTL_ENABLE_DEBUG_INFO = INCLUDE_SOURCE;
				MTL_FAST_MATH = YES;
				ONLY_ACTIVE_ARCH = YES;
				SDKROOT = iphoneos;
				SWIFT_ACTIVE_COMPILATION_CONDITIONS = DEBUG;
				SWIFT_OPTIMIZATION_LEVEL = "-Onone";
			};
			name = Debug;
		};
		42BC40F22473BB5100008434 /* Release */ = {
			isa = XCBuildConfiguration;
			buildSettings = {
				ALWAYS_SEARCH_USER_PATHS = NO;
				CLANG_ANALYZER_NONNULL = YES;
				CLANG_ANALYZER_NUMBER_OBJECT_CONVERSION = YES_AGGRESSIVE;
				CLANG_CXX_LANGUAGE_STANDARD = "gnu++14";
				CLANG_CXX_LIBRARY = "libc++";
				CLANG_ENABLE_MODULES = YES;
				CLANG_ENABLE_OBJC_ARC = YES;
				CLANG_ENABLE_OBJC_WEAK = YES;
				CLANG_WARN_BLOCK_CAPTURE_AUTORELEASING = YES;
				CLANG_WARN_BOOL_CONVERSION = YES;
				CLANG_WARN_COMMA = YES;
				CLANG_WARN_CONSTANT_CONVERSION = YES;
				CLANG_WARN_DEPRECATED_OBJC_IMPLEMENTATIONS = YES;
				CLANG_WARN_DIRECT_OBJC_ISA_USAGE = YES_ERROR;
				CLANG_WARN_DOCUMENTATION_COMMENTS = YES;
				CLANG_WARN_EMPTY_BODY = YES;
				CLANG_WARN_ENUM_CONVERSION = YES;
				CLANG_WARN_INFINITE_RECURSION = YES;
				CLANG_WARN_INT_CONVERSION = YES;
				CLANG_WARN_NON_LITERAL_NULL_CONVERSION = YES;
				CLANG_WARN_OBJC_IMPLICIT_RETAIN_SELF = YES;
				CLANG_WARN_OBJC_LITERAL_CONVERSION = YES;
				CLANG_WARN_OBJC_ROOT_CLASS = YES_ERROR;
				CLANG_WARN_RANGE_LOOP_ANALYSIS = YES;
				CLANG_WARN_STRICT_PROTOTYPES = YES;
				CLANG_WARN_SUSPICIOUS_MOVE = YES;
				CLANG_WARN_UNGUARDED_AVAILABILITY = YES_AGGRESSIVE;
				CLANG_WARN_UNREACHABLE_CODE = YES;
				CLANG_WARN__DUPLICATE_METHOD_MATCH = YES;
				COPY_PHASE_STRIP = NO;
				DEBUG_INFORMATION_FORMAT = "dwarf-with-dsym";
				ENABLE_NS_ASSERTIONS = NO;
				ENABLE_STRICT_OBJC_MSGSEND = YES;
				GCC_C_LANGUAGE_STANDARD = gnu11;
				GCC_NO_COMMON_BLOCKS = YES;
				GCC_WARN_64_TO_32_BIT_CONVERSION = YES;
				GCC_WARN_ABOUT_RETURN_TYPE = YES_ERROR;
				GCC_WARN_UNDECLARED_SELECTOR = YES;
				GCC_WARN_UNINITIALIZED_AUTOS = YES_AGGRESSIVE;
				GCC_WARN_UNUSED_FUNCTION = YES;
				GCC_WARN_UNUSED_VARIABLE = YES;
				IPHONEOS_DEPLOYMENT_TARGET = 13.2;
				MTL_ENABLE_DEBUG_INFO = NO;
				MTL_FAST_MATH = YES;
				SDKROOT = iphoneos;
				SWIFT_COMPILATION_MODE = wholemodule;
				SWIFT_OPTIMIZATION_LEVEL = "-O";
				VALIDATE_PRODUCT = YES;
			};
			name = Release;
		};
		42BC40F42473BB5100008434 /* Debug */ = {
			isa = XCBuildConfiguration;
			baseConfigurationReference = 699334E2CF660A41F330A31F /* Pods-BVSwiftDemo.debug.xcconfig */;
			buildSettings = {
				ASSETCATALOG_COMPILER_APPICON_NAME = AppIcon;
				CODE_SIGN_STYLE = Automatic;
				INFOPLIST_FILE = BVSwiftDemo/Info.plist;
				IPHONEOS_DEPLOYMENT_TARGET = 13.2;
				LD_RUNPATH_SEARCH_PATHS = (
					"$(inherited)",
					"@executable_path/Frameworks",
				);
				PRODUCT_BUNDLE_IDENTIFIER = com.bazaarvoice.BVSwiftDemo;
				PRODUCT_NAME = "$(TARGET_NAME)";
				SWIFT_VERSION = 5.0;
				TARGETED_DEVICE_FAMILY = "1,2";
			};
			name = Debug;
		};
		42BC40F52473BB5100008434 /* Release */ = {
			isa = XCBuildConfiguration;
			baseConfigurationReference = 1A05BDCF7D654BF89CC5FC00 /* Pods-BVSwiftDemo.release.xcconfig */;
			buildSettings = {
				ASSETCATALOG_COMPILER_APPICON_NAME = AppIcon;
				CODE_SIGN_STYLE = Automatic;
				INFOPLIST_FILE = BVSwiftDemo/Info.plist;
				IPHONEOS_DEPLOYMENT_TARGET = 13.2;
				LD_RUNPATH_SEARCH_PATHS = (
					"$(inherited)",
					"@executable_path/Frameworks",
				);
				PRODUCT_BUNDLE_IDENTIFIER = com.bazaarvoice.BVSwiftDemo;
				PRODUCT_NAME = "$(TARGET_NAME)";
				SWIFT_VERSION = 5.0;
				TARGETED_DEVICE_FAMILY = "1,2";
			};
			name = Release;
		};
/* End XCBuildConfiguration section */

/* Begin XCConfigurationList section */
		42BC40DA2473BB4E00008434 /* Build configuration list for PBXProject "BVSwiftDemo" */ = {
			isa = XCConfigurationList;
			buildConfigurations = (
				42BC40F12473BB5100008434 /* Debug */,
				428E6F9F2476C80C00086D1A /* Staging */,
				42BC40F22473BB5100008434 /* Release */,
			);
			defaultConfigurationIsVisible = 0;
			defaultConfigurationName = Release;
		};
		42BC40F32473BB5100008434 /* Build configuration list for PBXNativeTarget "BVSwiftDemo" */ = {
			isa = XCConfigurationList;
			buildConfigurations = (
				42BC40F42473BB5100008434 /* Debug */,
				428E6FA02476C80C00086D1A /* Staging */,
				42BC40F52473BB5100008434 /* Release */,
			);
			defaultConfigurationIsVisible = 0;
			defaultConfigurationName = Release;
		};
/* End XCConfigurationList section */
	};
	rootObject = 42BC40D72473BB4E00008434 /* Project object */;
}
